{
	"name": "create-react-app",
	"version": "1.4.3",
	"lockfileVersion": 1,
	"requires": true,
	"dependencies": {
		"ansi-regex": {
			"version": "2.1.1",
			"resolved": "https://registry.npmjs.org/ansi-regex/-/ansi-regex-2.1.1.tgz",
			"integrity": "sha1-w7M6te42DYbg5ijwRorn7yfWVN8="
		},
		"ansi-styles": {
			"version": "2.2.1",
			"resolved": "https://registry.npmjs.org/ansi-styles/-/ansi-styles-2.2.1.tgz",
			"integrity": "sha1-tDLdM1i2NM914eRmQ2gkBTPB3b4="
		},
		"attempt-x": {
			"version": "1.1.1",
			"resolved": "https://registry.npmjs.org/attempt-x/-/attempt-x-1.1.1.tgz",
			"integrity": "sha512-hIp37ojJRRW8ExWSxxLpkDHUufk/DFfsb7/cUC1cVbBg7JV4gJTkCTRa44dlL9e5jx1P3VNrjL7QOQfi4MyltA=="
		},
		"balanced-match": {
			"version": "1.0.0",
			"resolved": "https://registry.npmjs.org/balanced-match/-/balanced-match-1.0.0.tgz",
			"integrity": "sha1-ibTRmasr7kneFk6gK4nORi1xt2c="
		},
		"block-stream": {
			"version": "0.0.9",
			"resolved": "https://registry.npmjs.org/block-stream/-/block-stream-0.0.9.tgz",
			"integrity": "sha1-E+v+d4oDIFz+A3UUgeu0szAMEmo=",
			"requires": {
				"inherits": "2.0.3"
			}
		},
		"brace-expansion": {
			"version": "1.1.8",
			"resolved": "https://registry.npmjs.org/brace-expansion/-/brace-expansion-1.1.8.tgz",
			"integrity": "sha1-wHshHHyVLsH479Uad+8NHTmQopI=",
			"requires": {
				"balanced-match": "1.0.0",
				"concat-map": "0.0.1"
			}
		},
		"buffer-from": {
			"version": "0.1.1",
			"resolved": "https://registry.npmjs.org/buffer-from/-/buffer-from-0.1.1.tgz",
			"integrity": "sha1-V7GLHaChnsBvM4N6UnWiQjUb114=",
			"requires": {
				"is-array-buffer-x": "1.7.0"
			}
		},
		"builtins": {
			"version": "1.0.3",
			"resolved": "https://registry.npmjs.org/builtins/-/builtins-1.0.3.tgz",
			"integrity": "sha1-y5T662HIaWRR2zZTThQi+U8K7og="
		},
		"cached-constructors-x": {
			"version": "1.0.0",
			"resolved": "https://registry.npmjs.org/cached-constructors-x/-/cached-constructors-x-1.0.0.tgz",
			"integrity": "sha512-JVP0oilYlPgBTD8bkQ+of7hSIJRtydCCJiMtzdRMXVQ98gdj0NyrJTZzbu5wtlO26Ev/1HXRTtbBNsVlLJ3+3A=="
		},
		"chalk": {
			"version": "1.1.3",
			"resolved": "https://registry.npmjs.org/chalk/-/chalk-1.1.3.tgz",
			"integrity": "sha1-qBFcVeSnAv5NFQq9OHKCKn4J/Jg=",
			"requires": {
				"ansi-styles": "2.2.1",
				"escape-string-regexp": "1.0.5",
				"has-ansi": "2.0.0",
				"strip-ansi": "3.0.1",
				"supports-color": "2.0.0"
			}
		},
		"commander": {
			"version": "2.12.2",
			"resolved": "https://registry.npmjs.org/commander/-/commander-2.12.2.tgz",
			"integrity": "sha512-BFnaq5ZOGcDN7FlrtBT4xxkgIToalIIxwjxLWVJ8bGTpe1LroqMiqQXdA7ygc7CRvaYS+9zfPGFnJqFSayx+AA=="
		},
		"concat-map": {
			"version": "0.0.1",
			"resolved": "https://registry.npmjs.org/concat-map/-/concat-map-0.0.1.tgz",
			"integrity": "sha1-2Klr13/Wjfd5OnMDajug1UBdR3s="
		},
		"core-util-is": {
			"version": "1.0.2",
			"resolved": "https://registry.npmjs.org/core-util-is/-/core-util-is-1.0.2.tgz",
			"integrity": "sha1-tf1UIgqivFq1eqtxQMlAdUUDwac="
		},
		"cross-spawn": {
			"version": "4.0.2",
			"resolved": "https://registry.npmjs.org/cross-spawn/-/cross-spawn-4.0.2.tgz",
			"integrity": "sha1-e5JHYhwjrf3ThWAEqCPL45dCTUE=",
			"requires": {
				"lru-cache": "4.1.1",
				"which": "1.3.0"
			}
		},
		"debug": {
			"version": "2.6.9",
			"resolved": "https://registry.npmjs.org/debug/-/debug-2.6.9.tgz",
			"integrity": "sha512-bC7ElrdJaJnPbAP+1EotYvqZsb3ecl5wi6Bfi6BJTUcNowp6cvspg0jXznRTKDjm/E7AdgFBVeAPVMNcKGsHMA==",
			"requires": {
				"ms": "2.0.0"
			}
		},
		"duplexer2": {
			"version": "0.0.2",
			"resolved": "https://registry.npmjs.org/duplexer2/-/duplexer2-0.0.2.tgz",
			"integrity": "sha1-xhTc9n4vsUmVqRcR5aYX6KYKMds=",
			"requires": {
				"readable-stream": "1.1.14"
			}
		},
		"escape-string-regexp": {
			"version": "1.0.5",
			"resolved": "https://registry.npmjs.org/escape-string-regexp/-/escape-string-regexp-1.0.5.tgz",
			"integrity": "sha1-G2HAViGQqN/2rjuyzwIAyhMLhtQ="
		},
		"fs-extra": {
			"version": "1.0.0",
			"resolved": "https://registry.npmjs.org/fs-extra/-/fs-extra-1.0.0.tgz",
			"integrity": "sha1-zTzl9+fLYUWIP8rjGR6Yd/hYeVA=",
			"requires": {
				"graceful-fs": "4.1.11",
				"jsonfile": "2.4.0",
				"klaw": "1.3.1"
			}
		},
		"fs.realpath": {
			"version": "1.0.0",
			"resolved": "https://registry.npmjs.org/fs.realpath/-/fs.realpath-1.0.0.tgz",
			"integrity": "sha1-FQStJSMVjKpA20onh8sBQRmU6k8="
		},
		"fstream": {
			"version": "1.0.11",
			"resolved": "https://registry.npmjs.org/fstream/-/fstream-1.0.11.tgz",
			"integrity": "sha1-XB+x8RdHcRTwYyoOtLcbPLD9MXE=",
			"requires": {
				"graceful-fs": "4.1.11",
				"inherits": "2.0.3",
				"mkdirp": "0.5.1",
				"rimraf": "2.6.2"
			}
		},
		"fstream-ignore": {
			"version": "1.0.5",
			"resolved": "https://registry.npmjs.org/fstream-ignore/-/fstream-ignore-1.0.5.tgz",
			"integrity": "sha1-nDHa40dnAY/h0kmyTa2mfQktoQU=",
			"requires": {
				"fstream": "1.0.11",
				"inherits": "2.0.3",
				"minimatch": "3.0.4"
			}
		},
		"glob": {
			"version": "7.1.2",
			"resolved": "https://registry.npmjs.org/glob/-/glob-7.1.2.tgz",
			"integrity": "sha512-MJTUg1kjuLeQCJ+ccE4Vpa6kKVXkPYJ2mOCQyUuKLcLQsdrMCpBPUi8qVE6+YuaJkozeA9NusTAw3hLr8Xe5EQ==",
			"requires": {
				"fs.realpath": "1.0.0",
				"inflight": "1.0.6",
				"inherits": "2.0.3",
				"minimatch": "3.0.4",
				"once": "1.4.0",
				"path-is-absolute": "1.0.1"
			}
		},
		"graceful-fs": {
			"version": "4.1.11",
			"resolved": "https://registry.npmjs.org/graceful-fs/-/graceful-fs-4.1.11.tgz",
			"integrity": "sha1-Dovf5NHduIVNZOBOp8AOKgJuVlg="
		},
		"has-ansi": {
			"version": "2.0.0",
			"resolved": "https://registry.npmjs.org/has-ansi/-/has-ansi-2.0.0.tgz",
			"integrity": "sha1-NPUEnOHs3ysGSa8+8k5F7TVBbZE=",
			"requires": {
				"ansi-regex": "2.1.1"
			}
		},
		"has-own-property-x": {
			"version": "3.2.0",
			"resolved": "https://registry.npmjs.org/has-own-property-x/-/has-own-property-x-3.2.0.tgz",
			"integrity": "sha512-HtRQTYpRFz/YVaQ7jh2mU5iorMAxFcML9FNOLMI1f8VNJ2K0hpOlXoi1a+nmVl6oUcGnhd6zYOFAVe7NUFStyQ==",
			"requires": {
				"cached-constructors-x": "1.0.0",
				"to-object-x": "1.5.0",
				"to-property-key-x": "2.0.2"
			}
		},
		"has-symbol-support-x": {
			"version": "1.4.1",
			"resolved": "https://registry.npmjs.org/has-symbol-support-x/-/has-symbol-support-x-1.4.1.tgz",
			"integrity": "sha512-JkaetveU7hFbqnAC1EV1sF4rlojU2D4Usc5CmS69l6NfmPDnpnFUegzFg33eDkkpNCxZ0mQp65HwUDrNFS/8MA=="
		},
		"has-to-string-tag-x": {
			"version": "1.4.1",
			"resolved": "https://registry.npmjs.org/has-to-string-tag-x/-/has-to-string-tag-x-1.4.1.tgz",
			"integrity": "sha512-vdbKfmw+3LoOYVr+mtxHaX5a96+0f3DljYd8JOqvOLsf5mw2Otda2qCDT9qRqLAhrjyQ0h7ual5nOiASpsGNFw==",
			"requires": {
				"has-symbol-support-x": "1.4.1"
			}
		},
		"hyperquest": {
			"version": "2.1.2",
			"resolved": "https://registry.npmjs.org/hyperquest/-/hyperquest-2.1.2.tgz",
			"integrity": "sha1-ldv2/MdMdJuuVcw5MhM13datwVg=",
			"requires": {
				"buffer-from": "0.1.1",
				"duplexer2": "0.0.2",
				"through2": "0.6.5"
			}
		},
		"infinity-x": {
			"version": "1.0.0",
			"resolved": "https://registry.npmjs.org/infinity-x/-/infinity-x-1.0.0.tgz",
			"integrity": "sha512-wjy2TupBtZ+aAniKt+xs/PO0xOkuaL6wBysUKbgD7aL1PMW/qY5xXDG59zXZ7dU+gk3zwXOu4yIEWPCEFBTgHQ=="
		},
		"inflight": {
			"version": "1.0.6",
			"resolved": "https://registry.npmjs.org/inflight/-/inflight-1.0.6.tgz",
			"integrity": "sha1-Sb1jMdfQLQwJvJEKEHW6gWW1bfk=",
			"requires": {
				"once": "1.4.0",
				"wrappy": "1.0.2"
			}
		},
		"inherits": {
			"version": "2.0.3",
			"resolved": "https://registry.npmjs.org/inherits/-/inherits-2.0.3.tgz",
			"integrity": "sha1-Yzwsg+PaQqUC9SRmAiSA9CCCYd4="
		},
		"is-array-buffer-x": {
			"version": "1.7.0",
			"resolved": "https://registry.npmjs.org/is-array-buffer-x/-/is-array-buffer-x-1.7.0.tgz",
			"integrity": "sha512-ufSZRMY2WZX5xyNvk0NOZAG7cgi35B/sGQDGqv8w0X7MoQ2GC9vedanJhuYTPaC4PUCqLQsda1w7NF+dPZmAJw==",
			"requires": {
				"attempt-x": "1.1.1",
				"has-to-string-tag-x": "1.4.1",
				"is-object-like-x": "1.6.0",
				"object-get-own-property-descriptor-x": "3.2.0",
				"to-string-tag-x": "1.4.2"
			}
		},
		"is-date-object": {
			"version": "1.0.1",
			"resolved": "https://registry.npmjs.org/is-date-object/-/is-date-object-1.0.1.tgz",
			"integrity": "sha1-mqIOtq7rv/d/vTPnTKAbM1gdOhY="
		},
		"is-falsey-x": {
			"version": "1.0.1",
			"resolved": "https://registry.npmjs.org/is-falsey-x/-/is-falsey-x-1.0.1.tgz",
			"integrity": "sha512-XWNZC4A+3FX1ECoMjspuEFgSdio82IWjqY/suE0gZ10QA7nzHd/KraRq7Tc5VEHtFRgTRyTdY6W+ykPrDnyoAQ==",
			"requires": {
				"to-boolean-x": "1.0.1"
			}
		},
		"is-finite-x": {
			"version": "3.0.2",
			"resolved": "https://registry.npmjs.org/is-finite-x/-/is-finite-x-3.0.2.tgz",
			"integrity": "sha512-HyFrxJZsgmP5RtR1PVlVvHSP4VslZOqr4uoq4x3rDrSOFaYp4R9tfmiWtAzQxPzixXhac3cYEno3NuVn0OHk2Q==",
			"requires": {
				"infinity-x": "1.0.0",
				"is-nan-x": "1.0.1"
			}
		},
		"is-function-x": {
			"version": "3.3.0",
			"resolved": "https://registry.npmjs.org/is-function-x/-/is-function-x-3.3.0.tgz",
			"integrity": "sha512-SreSSU1dlgYaXR5c0mm4qJHKYHIiGiEY+7Cd8/aRLLoMP/VvofD2XcWgBnP833ajpU5XzXbUSpfysnfKZLJFlg==",
			"requires": {
				"attempt-x": "1.1.1",
				"has-to-string-tag-x": "1.4.1",
				"is-falsey-x": "1.0.1",
				"is-primitive": "2.0.0",
				"normalize-space-x": "3.0.0",
				"replace-comments-x": "2.0.0",
				"to-boolean-x": "1.0.1",
				"to-string-tag-x": "1.4.2"
			}
		},
		"is-index-x": {
			"version": "1.1.0",
			"resolved": "https://registry.npmjs.org/is-index-x/-/is-index-x-1.1.0.tgz",
			"integrity": "sha512-qULKLMepQLGC8rSVdi8uF2vI4LiDrU9XSDg1D+Aa657GIB7GV1jHpga7uXgQvkt/cpQ5mVBHUFTpSehYSqT6+A==",
			"requires": {
				"math-clamp-x": "1.2.0",
				"max-safe-integer": "1.0.1",
				"to-integer-x": "3.0.0",
				"to-number-x": "2.0.0",
				"to-string-symbols-supported-x": "1.0.0"
			}
		},
		"is-nan-x": {
			"version": "1.0.1",
			"resolved": "https://registry.npmjs.org/is-nan-x/-/is-nan-x-1.0.1.tgz",
			"integrity": "sha512-VfNJgfuT8USqKCYQss8g7sFvCzDnL+OOVMQoXhVoulZAyp0ZTj3oyZaaPrn2dxepAkKSQI2BiKHbBabX1DqVtw=="
		},
		"is-nil-x": {
			"version": "1.4.1",
			"resolved": "https://registry.npmjs.org/is-nil-x/-/is-nil-x-1.4.1.tgz",
			"integrity": "sha512-cfTKWI5iSR04SSCzzugTH5tS2rYG7kwI8yl/AqWkyuxZ7k55cbA47Y7Lezdg1N9aaELd+UxLg628bdQeNQ6BUw==",
			"requires": {
				"lodash.isnull": "3.0.0",
				"validate.io-undefined": "1.0.3"
			}
		},
		"is-object-like-x": {
			"version": "1.6.0",
			"resolved": "https://registry.npmjs.org/is-object-like-x/-/is-object-like-x-1.6.0.tgz",
			"integrity": "sha512-mc3dBMv1jEOdk0f1i2RkJFsZDux0MuHqGwHOoRo770ShUOf4VE6tWThAW8dAZARr9a5RN+iNX1yzMDA5ad1clQ==",
			"requires": {
				"is-function-x": "3.3.0",
				"is-primitive": "2.0.0"
			}
		},
		"is-primitive": {
			"version": "2.0.0",
			"resolved": "https://registry.npmjs.org/is-primitive/-/is-primitive-2.0.0.tgz",
			"integrity": "sha1-IHurkWOEmcB7Kt8kCkGochADRXU="
		},
		"is-string": {
			"version": "1.0.4",
			"resolved": "https://registry.npmjs.org/is-string/-/is-string-1.0.4.tgz",
			"integrity": "sha1-zDqbaYV9Yh6WNyWiTK7shzuCbmQ="
		},
		"is-symbol": {
			"version": "1.0.1",
			"resolved": "https://registry.npmjs.org/is-symbol/-/is-symbol-1.0.1.tgz",
			"integrity": "sha1-PMWfAAJRlLarLjjbrmaJJWtmBXI="
		},
		"isarray": {
			"version": "0.0.1",
			"resolved": "https://registry.npmjs.org/isarray/-/isarray-0.0.1.tgz",
			"integrity": "sha1-ihis/Kmo9Bd+Cav8YDiTmwXR7t8="
		},
		"isexe": {
			"version": "2.0.0",
			"resolved": "https://registry.npmjs.org/isexe/-/isexe-2.0.0.tgz",
			"integrity": "sha1-6PvzdNxVb/iUehDcsFctYz8s+hA="
		},
		"jsonfile": {
			"version": "2.4.0",
			"resolved": "https://registry.npmjs.org/jsonfile/-/jsonfile-2.4.0.tgz",
			"integrity": "sha1-NzaitCi4e72gzIO1P6PWM6NcKug=",
			"requires": {
				"graceful-fs": "4.1.11"
			}
		},
		"klaw": {
			"version": "1.3.1",
			"resolved": "https://registry.npmjs.org/klaw/-/klaw-1.3.1.tgz",
			"integrity": "sha1-QIhDO0azsbolnXh4XY6W9zugJDk=",
			"requires": {
				"graceful-fs": "4.1.11"
			}
		},
		"lodash.isnull": {
			"version": "3.0.0",
			"resolved": "https://registry.npmjs.org/lodash.isnull/-/lodash.isnull-3.0.0.tgz",
			"integrity": "sha1-+vvlnqHcon7teGU0A53YTC4HxW4="
		},
		"lru-cache": {
			"version": "4.1.1",
			"resolved": "https://registry.npmjs.org/lru-cache/-/lru-cache-4.1.1.tgz",
			"integrity": "sha512-q4spe4KTfsAS1SUHLO0wz8Qiyf1+vMIAgpRYioFYDMNqKfHQbg+AVDH3i4fvpl71/P1L0dBl+fQi+P37UYf0ew==",
			"requires": {
				"pseudomap": "1.0.2",
				"yallist": "2.1.2"
			}
		},
		"math-clamp-x": {
			"version": "1.2.0",
			"resolved": "https://registry.npmjs.org/math-clamp-x/-/math-clamp-x-1.2.0.tgz",
			"integrity": "sha512-tqpjpBcIf9UulApz3EjWXqTZpMlr2vLN9PryC9ghoyCuRmqZaf3JJhPddzgQpJnKLi2QhoFnvKBFtJekAIBSYg==",
			"requires": {
				"to-number-x": "2.0.0"
			}
		},
		"math-sign-x": {
			"version": "3.0.0",
			"resolved": "https://registry.npmjs.org/math-sign-x/-/math-sign-x-3.0.0.tgz",
			"integrity": "sha512-OzPas41Pn4d16KHnaXmGxxY3/l3zK4OIXtmIwdhgZsxz4FDDcNnbrABYPg2vGfxIkaT9ezGnzDviRH7RfF44jQ==",
			"requires": {
				"is-nan-x": "1.0.1",
				"to-number-x": "2.0.0"
			}
		},
		"max-safe-integer": {
			"version": "1.0.1",
			"resolved": "https://registry.npmjs.org/max-safe-integer/-/max-safe-integer-1.0.1.tgz",
			"integrity": "sha1-84BgvixWPYwC5tSK85Ei/YO29BA="
		},
		"minimatch": {
			"version": "3.0.4",
			"resolved": "https://registry.npmjs.org/minimatch/-/minimatch-3.0.4.tgz",
			"integrity": "sha512-yJHVQEhyqPLUTgt9B83PXu6W3rx4MvvHvSUvToogpwoGDOUQ+yDrR0HRot+yOCdCO7u4hX3pWft6kWBBcqh0UA==",
			"requires": {
				"brace-expansion": "1.1.8"
			}
		},
		"minimist": {
			"version": "0.0.8",
			"resolved": "https://registry.npmjs.org/minimist/-/minimist-0.0.8.tgz",
			"integrity": "sha1-hX/Kv8M5fSYluCKCYuhqp6ARsF0="
		},
		"mkdirp": {
			"version": "0.5.1",
			"resolved": "https://registry.npmjs.org/mkdirp/-/mkdirp-0.5.1.tgz",
			"integrity": "sha1-MAV0OOrGz3+MR2fzhkjWaX11yQM=",
			"requires": {
				"minimist": "0.0.8"
			}
		},
		"ms": {
			"version": "2.0.0",
			"resolved": "https://registry.npmjs.org/ms/-/ms-2.0.0.tgz",
			"integrity": "sha1-VgiurfwAvmwpAd9fmGF4jeDVl8g="
		},
		"nan-x": {
			"version": "1.0.0",
			"resolved": "https://registry.npmjs.org/nan-x/-/nan-x-1.0.0.tgz",
			"integrity": "sha512-yw4Fhe2/UTzanQ4f0yHWkRnfTuHZFAi4GZDjXS4G+qv5BqXTqPJBbSxpa7MyyW9v4Y4ZySZQik1vcbNkhdnIOg=="
		},
		"normalize-space-x": {
			"version": "3.0.0",
			"resolved": "https://registry.npmjs.org/normalize-space-x/-/normalize-space-x-3.0.0.tgz",
			"integrity": "sha512-tbCJerqZCCHPst4rRKgsTanLf45fjOyeAU5zE3mhDxJtFJKt66q39g2XArWhXelgTFVib8mNBUm6Wrd0LxYcfQ==",
			"requires": {
				"cached-constructors-x": "1.0.0",
				"trim-x": "3.0.0",
				"white-space-x": "3.0.0"
			}
		},
		"object-get-own-property-descriptor-x": {
			"version": "3.2.0",
			"resolved": "https://registry.npmjs.org/object-get-own-property-descriptor-x/-/object-get-own-property-descriptor-x-3.2.0.tgz",
			"integrity": "sha512-Z/0fIrptD9YuzN+SNK/1kxAEaBcPQM4gSrtOSMSi9eplnL/AbyQcAyAlreAoAzmBon+DQ1Z+AdhxyQSvav5Fyg==",
			"requires": {
				"attempt-x": "1.1.1",
				"has-own-property-x": "3.2.0",
				"has-symbol-support-x": "1.4.1",
				"is-falsey-x": "1.0.1",
				"is-index-x": "1.1.0",
				"is-primitive": "2.0.0",
				"is-string": "1.0.4",
				"property-is-enumerable-x": "1.1.0",
				"to-object-x": "1.5.0",
				"to-property-key-x": "2.0.2"
			}
		},
		"once": {
			"version": "1.4.0",
			"resolved": "https://registry.npmjs.org/once/-/once-1.4.0.tgz",
			"integrity": "sha1-WDsap3WWHUsROsF9nFC6753Xa9E=",
			"requires": {
				"wrappy": "1.0.2"
			}
		},
		"os-tmpdir": {
			"version": "1.0.2",
			"resolved": "https://registry.npmjs.org/os-tmpdir/-/os-tmpdir-1.0.2.tgz",
			"integrity": "sha1-u+Z0BseaqFxc/sdm/lc0VV36EnQ="
		},
		"parse-int-x": {
			"version": "2.0.0",
			"resolved": "https://registry.npmjs.org/parse-int-x/-/parse-int-x-2.0.0.tgz",
			"integrity": "sha512-NIMm52gmd1+0qxJK8lV3OZ4zzWpRH1xcz9xCHXl+DNzddwUdS4NEtd7BmTeK7iCIXoaK5e6BoDMHgieH2eNIhg==",
			"requires": {
				"cached-constructors-x": "1.0.0",
				"nan-x": "1.0.0",
				"to-string-x": "1.4.2",
				"trim-left-x": "3.0.0"
			}
		},
		"path-is-absolute": {
			"version": "1.0.1",
			"resolved": "https://registry.npmjs.org/path-is-absolute/-/path-is-absolute-1.0.1.tgz",
			"integrity": "sha1-F0uSaHNVNP+8es5r9TpanhtcX18="
		},
		"process-nextick-args": {
			"version": "1.0.7",
			"resolved": "https://registry.npmjs.org/process-nextick-args/-/process-nextick-args-1.0.7.tgz",
			"integrity": "sha1-FQ4gt1ZZCtP5EJPyWk8q2L/zC6M="
		},
		"property-is-enumerable-x": {
			"version": "1.1.0",
			"resolved": "https://registry.npmjs.org/property-is-enumerable-x/-/property-is-enumerable-x-1.1.0.tgz",
			"integrity": "sha512-22cKy3w3OpRswU6to9iKWDDlg+F9vF2REcwGlGW23jyLjHb1U/jJEWA44sWupOnkhGfDgotU6Lw+N2oyhNi+5A==",
			"requires": {
				"to-object-x": "1.5.0",
				"to-property-key-x": "2.0.2"
			}
		},
		"pseudomap": {
			"version": "1.0.2",
			"resolved": "https://registry.npmjs.org/pseudomap/-/pseudomap-1.0.2.tgz",
			"integrity": "sha1-8FKijacOYYkX7wqKw0wa5aaChrM="
		},
		"readable-stream": {
			"version": "1.1.14",
			"resolved": "https://registry.npmjs.org/readable-stream/-/readable-stream-1.1.14.tgz",
			"integrity": "sha1-fPTFTvZI44EwhMY23SB54WbAgdk=",
			"requires": {
				"core-util-is": "1.0.2",
				"inherits": "2.0.3",
				"isarray": "0.0.1",
				"string_decoder": "0.10.31"
			}
		},
		"replace-comments-x": {
			"version": "2.0.0",
			"resolved": "https://registry.npmjs.org/replace-comments-x/-/replace-comments-x-2.0.0.tgz",
			"integrity": "sha512-+vMP4jqU+8HboLWms6YMNEiaZG5hh1oR6ENCnGYDF/UQ7aYiJUK/8tcl3+KZAHRCKKa3gqzrfiarlUBHQSgRlg==",
			"requires": {
				"require-coercible-to-string-x": "1.0.0",
				"to-string-x": "1.4.2"
			}
		},
		"require-coercible-to-string-x": {
			"version": "1.0.0",
			"resolved": "https://registry.npmjs.org/require-coercible-to-string-x/-/require-coercible-to-string-x-1.0.0.tgz",
			"integrity": "sha512-Rpfd4sMdflPAKecdKhfAtQHlZzzle4UMUgxJ01hXtTcNWMV8w9GeZnKhEyrT73kgrflBOP1zg41amUPZGcNspA==",
			"requires": {
				"require-object-coercible-x": "1.4.1",
				"to-string-x": "1.4.2"
			}
		},
		"require-object-coercible-x": {
			"version": "1.4.1",
			"resolved": "https://registry.npmjs.org/require-object-coercible-x/-/require-object-coercible-x-1.4.1.tgz",
			"integrity": "sha512-0YHa2afepsLfQvwQ1P2XvDZnGOUia5sC07ZijIRU2dnsRxnuilXWF6B2CFaKGDA9eZl39lJHrXCDsnfgroRd6Q==",
			"requires": {
				"is-nil-x": "1.4.1"
			}
		},
		"rimraf": {
			"version": "2.6.2",
			"resolved": "https://registry.npmjs.org/rimraf/-/rimraf-2.6.2.tgz",
			"integrity": "sha512-lreewLK/BlghmxtfH36YYVg1i8IAce4TI7oao75I1g245+6BctqTVQiBP3YUJ9C6DQOXJmkYR9X9fCLtCOJc5w==",
			"requires": {
				"glob": "7.1.2"
			}
		},
		"safe-buffer": {
			"version": "5.1.1",
			"resolved": "https://registry.npmjs.org/safe-buffer/-/safe-buffer-5.1.1.tgz",
			"integrity": "sha512-kKvNJn6Mm93gAczWVJg7wH+wGYWNrDHdWvpUmHyEsgCtIwwo3bqPtV4tR5tuPaUhTOo/kvhVwd8XwwOllGYkbg=="
		},
		"semver": {
			"version": "5.4.1",
			"resolved": "https://registry.npmjs.org/semver/-/semver-5.4.1.tgz",
			"integrity": "sha512-WfG/X9+oATh81XtllIo/I8gOiY9EXRdv1cQdyykeXK17YcUW3EXUAi2To4pcH6nZtJPr7ZOpM5OMyWJZm+8Rsg=="
		},
		"string_decoder": {
			"version": "0.10.31",
			"resolved": "https://registry.npmjs.org/string_decoder/-/string_decoder-0.10.31.tgz",
			"integrity": "sha1-YuIDvEF2bGwoyfyEMB2rHFMQ+pQ="
		},
		"strip-ansi": {
			"version": "3.0.1",
			"resolved": "https://registry.npmjs.org/strip-ansi/-/strip-ansi-3.0.1.tgz",
			"integrity": "sha1-ajhfuIU9lS1f8F0Oiq+UJ43GPc8=",
			"requires": {
				"ansi-regex": "2.1.1"
			}
		},
		"supports-color": {
			"version": "2.0.0",
			"resolved": "https://registry.npmjs.org/supports-color/-/supports-color-2.0.0.tgz",
			"integrity": "sha1-U10EXOa2Nj+kARcIRimZXp3zJMc="
		},
		"tar": {
			"version": "2.2.1",
			"resolved": "https://registry.npmjs.org/tar/-/tar-2.2.1.tgz",
			"integrity": "sha1-jk0qJWwOIYXGsYrWlK7JaLg8sdE=",
			"requires": {
				"block-stream": "0.0.9",
				"fstream": "1.0.11",
				"inherits": "2.0.3"
			}
		},
		"tar-pack": {
			"version": "3.4.1",
			"resolved": "https://registry.npmjs.org/tar-pack/-/tar-pack-3.4.1.tgz",
			"integrity": "sha512-PPRybI9+jM5tjtCbN2cxmmRU7YmqT3Zv/UDy48tAh2XRkLa9bAORtSWLkVc13+GJF+cdTh1yEnHEk3cpTaL5Kg==",
			"requires": {
				"debug": "2.6.9",
				"fstream": "1.0.11",
				"fstream-ignore": "1.0.5",
				"once": "1.4.0",
				"readable-stream": "2.3.3",
				"rimraf": "2.6.2",
				"tar": "2.2.1",
				"uid-number": "0.0.6"
			},
			"dependencies": {
				"isarray": {
					"version": "1.0.0",
					"resolved": "https://registry.npmjs.org/isarray/-/isarray-1.0.0.tgz",
					"integrity": "sha1-u5NdSFgsuhaMBoNJV6VKPgcSTxE="
				},
				"readable-stream": {
					"version": "2.3.3",
					"resolved": "https://registry.npmjs.org/readable-stream/-/readable-stream-2.3.3.tgz",
					"integrity": "sha512-m+qzzcn7KUxEmd1gMbchF+Y2eIUbieUaxkWtptyHywrX0rE8QEYqPC07Vuy4Wm32/xE16NcdBctb8S0Xe/5IeQ==",
					"requires": {
						"core-util-is": "1.0.2",
						"inherits": "2.0.3",
						"isarray": "1.0.0",
						"process-nextick-args": "1.0.7",
						"safe-buffer": "5.1.1",
						"string_decoder": "1.0.3",
						"util-deprecate": "1.0.2"
					}
				},
				"string_decoder": {
					"version": "1.0.3",
					"resolved": "https://registry.npmjs.org/string_decoder/-/string_decoder-1.0.3.tgz",
					"integrity": "sha512-4AH6Z5fzNNBcH+6XDMfA/BTt87skxqJlO0lAh3Dker5zThcAxG6mKz+iGu308UKoPPQ8Dcqx/4JhujzltRa+hQ==",
					"requires": {
						"safe-buffer": "5.1.1"
					}
				}
			}
		},
		"through2": {
			"version": "0.6.5",
			"resolved": "https://registry.npmjs.org/through2/-/through2-0.6.5.tgz",
			"integrity": "sha1-QaucZ7KdVyCQcUEOHXp6lozTrUg=",
			"requires": {
				"readable-stream": "1.0.34",
				"xtend": "4.0.1"
			},
			"dependencies": {
				"readable-stream": {
					"version": "1.0.34",
					"resolved": "https://registry.npmjs.org/readable-stream/-/readable-stream-1.0.34.tgz",
					"integrity": "sha1-Elgg40vIQtLyqq+v5MKRbuMsFXw=",
					"requires": {
						"core-util-is": "1.0.2",
						"inherits": "2.0.3",
						"isarray": "0.0.1",
						"string_decoder": "0.10.31"
					}
				}
			}
		},
		"tmp": {
			"version": "0.0.31",
			"resolved": "https://registry.npmjs.org/tmp/-/tmp-0.0.31.tgz",
			"integrity": "sha1-jzirlDjhcxXl29izZX6L+yd65Kc=",
			"requires": {
				"os-tmpdir": "1.0.2"
			}
		},
		"to-boolean-x": {
			"version": "1.0.1",
			"resolved": "https://registry.npmjs.org/to-boolean-x/-/to-boolean-x-1.0.1.tgz",
			"integrity": "sha512-PstxY3K6hVEHnY3FITs8XBoJbt0RI1e4MLIhAL9hWa3BtVLCrb86vU5z6lEKh7uZZjiPiLqIKMmfMro1nNgtXQ=="
		},
		"to-integer-x": {
			"version": "3.0.0",
			"resolved": "https://registry.npmjs.org/to-integer-x/-/to-integer-x-3.0.0.tgz",
			"integrity": "sha512-794L2Lpwjtynm7RxahJi2YdbRY75gTxUW27TMuN26UgwPkmJb/+HPhkFEFbz+E4vNoiP0dxq5tq5fkXoXLaK/w==",
			"requires": {
				"is-finite-x": "3.0.2",
				"is-nan-x": "1.0.1",
				"math-sign-x": "3.0.0",
				"to-number-x": "2.0.0"
			}
		},
		"to-number-x": {
			"version": "2.0.0",
			"resolved": "https://registry.npmjs.org/to-number-x/-/to-number-x-2.0.0.tgz",
			"integrity": "sha512-lGOnCoccUoSzjZ/9Uen8TC4+VFaQcFGhTroWTv2tYWxXgyJV1zqAZ8hEIMkez/Eo790fBMOjidTnQ/OJSCvAoQ==",
			"requires": {
				"cached-constructors-x": "1.0.0",
				"nan-x": "1.0.0",
				"parse-int-x": "2.0.0",
				"to-primitive-x": "1.1.0",
				"trim-x": "3.0.0"
			}
		},
		"to-object-x": {
			"version": "1.5.0",
			"resolved": "https://registry.npmjs.org/to-object-x/-/to-object-x-1.5.0.tgz",
			"integrity": "sha512-AKn5GQcdWky+s20vjWkt+Wa6y3dxQH3yQyMBhOfBOPldUwqwhgvlqcIg5H092ntNc+TX8/Cxzs1kMHH19pyCnA==",
			"requires": {
				"cached-constructors-x": "1.0.0",
				"require-object-coercible-x": "1.4.1"
			}
		},
		"to-primitive-x": {
			"version": "1.1.0",
			"resolved": "https://registry.npmjs.org/to-primitive-x/-/to-primitive-x-1.1.0.tgz",
			"integrity": "sha512-gyMY0gi3wjK3e4MUBKqv9Zl8QGcWguIkaUr2VJmoBEsOpDcpDZSEyljR773eVG4maS48uX7muLkoQoh/BA82OQ==",
			"requires": {
				"has-symbol-support-x": "1.4.1",
				"is-date-object": "1.0.1",
				"is-function-x": "3.3.0",
				"is-nil-x": "1.4.1",
				"is-primitive": "2.0.0",
				"is-symbol": "1.0.1",
				"require-object-coercible-x": "1.4.1",
				"validate.io-undefined": "1.0.3"
			}
		},
		"to-property-key-x": {
			"version": "2.0.2",
			"resolved": "https://registry.npmjs.org/to-property-key-x/-/to-property-key-x-2.0.2.tgz",
			"integrity": "sha512-YISLpZFYIazNm0P8hLsKEEUEZ3m8U3+eDysJZqTu3+B9tQp+2TrMpaEGT8Agh4fZ5LSoums60/glNEzk5ozqrg==",
			"requires": {
				"has-symbol-support-x": "1.4.1",
				"to-primitive-x": "1.1.0",
				"to-string-x": "1.4.2"
			}
		},
		"to-string-symbols-supported-x": {
			"version": "1.0.0",
			"resolved": "https://registry.npmjs.org/to-string-symbols-supported-x/-/to-string-symbols-supported-x-1.0.0.tgz",
			"integrity": "sha512-HbVH673pybrUmhzESGHUm17BBJvqb7BU8HciOvuEYm9ipuDyjmddhvkVqpVW6sM/C5/zhJo17n7O7I/24loJIQ==",
			"requires": {
				"cached-constructors-x": "1.0.0",
				"has-symbol-support-x": "1.4.1",
				"is-symbol": "1.0.1"
			}
		},
		"to-string-tag-x": {
			"version": "1.4.2",
			"resolved": "https://registry.npmjs.org/to-string-tag-x/-/to-string-tag-x-1.4.2.tgz",
			"integrity": "sha512-ytO9eLigxsQQLGuab0C1iSSTzKdJNVSlBg0Spg4J/rGAVrQJ5y774mo0SSzgGeTT4RJGGyJNfObXaTMzX0XDOQ==",
			"requires": {
				"lodash.isnull": "3.0.0",
				"validate.io-undefined": "1.0.3"
			}
		},
		"to-string-x": {
			"version": "1.4.2",
			"resolved": "https://registry.npmjs.org/to-string-x/-/to-string-x-1.4.2.tgz",
			"integrity": "sha512-/WP5arlwtCpAAexCCHiQBW0eXwse84osWyP1Qtaz71nsYSuUpOkT6tBm8nQ4IIUfSh5hji0hDupUCD2xbbOL6A==",
			"requires": {
				"is-symbol": "1.0.1"
			}
		},
		"trim-left-x": {
			"version": "3.0.0",
			"resolved": "https://registry.npmjs.org/trim-left-x/-/trim-left-x-3.0.0.tgz",
			"integrity": "sha512-+m6cqkppI+CxQBTwWEZliOHpOBnCArGyMnS1WCLb6IRgukhTkiQu/TNEN5Lj2eM9jk8ewJsc7WxFZfmwNpRXWQ==",
			"requires": {
				"cached-constructors-x": "1.0.0",
				"require-coercible-to-string-x": "1.0.0",
				"white-space-x": "3.0.0"
			}
		},
		"trim-right-x": {
			"version": "3.0.0",
			"resolved": "https://registry.npmjs.org/trim-right-x/-/trim-right-x-3.0.0.tgz",
			"integrity": "sha512-iIqEsWEbWVodqdixJHi4FoayJkUxhoL4AvSNGp4FF4FfQKRPGizt8++/RnyC9od75y7P/S6EfONoVqP+NddiKA==",
			"requires": {
				"cached-constructors-x": "1.0.0",
				"require-coercible-to-string-x": "1.0.0",
				"white-space-x": "3.0.0"
			}
		},
		"trim-x": {
			"version": "3.0.0",
			"resolved": "https://registry.npmjs.org/trim-x/-/trim-x-3.0.0.tgz",
			"integrity": "sha512-w8s38RAUScQ6t3XqMkS75iz5ZkIYLQpVnv2lp3IuTS36JdlVzC54oe6okOf4Wz3UH4rr3XAb2xR3kR5Xei82fw==",
			"requires": {
				"trim-left-x": "3.0.0",
				"trim-right-x": "3.0.0"
			}
		},
		"uid-number": {
			"version": "0.0.6",
			"resolved": "https://registry.npmjs.org/uid-number/-/uid-number-0.0.6.tgz",
			"integrity": "sha1-DqEOgDXo61uOREnwbaHHMGY7qoE="
		},
		"util-deprecate": {
			"version": "1.0.2",
			"resolved": "https://registry.npmjs.org/util-deprecate/-/util-deprecate-1.0.2.tgz",
			"integrity": "sha1-RQ1Nyfpw3nMnYvvS1KKJgUGaDM8="
		},
		"validate-npm-package-name": {
			"version": "3.0.0",
			"resolved": "https://registry.npmjs.org/validate-npm-package-name/-/validate-npm-package-name-3.0.0.tgz",
			"integrity": "sha1-X6kS2B630MdK/BQN5zF/DKffQ34=",
			"requires": {
				"builtins": "1.0.3"
			}
		},
		"validate.io-undefined": {
			"version": "1.0.3",
			"resolved": "https://registry.npmjs.org/validate.io-undefined/-/validate.io-undefined-1.0.3.tgz",
			"integrity": "sha1-fif8uzFbhB54JDQxiXZxkp4gt/Q="
		},
		"which": {
			"version": "1.3.0",
			"resolved": "https://registry.npmjs.org/which/-/which-1.3.0.tgz",
			"integrity": "sha512-xcJpopdamTuY5duC/KnTTNBraPK54YwpenP4lzxU8H91GudWpFv38u0CKjclE1Wi2EH2EDz5LRcHcKbCIzqGyg==",
			"requires": {
				"isexe": "2.0.0"
			}
		},
		"white-space-x": {
			"version": "3.0.0",
			"resolved": "https://registry.npmjs.org/white-space-x/-/white-space-x-3.0.0.tgz",
			"integrity": "sha512-nMPVXGMdi/jQepXKryxqzEh/vCwdOYY/u6NZy40glMHvZfEr7/+vQKnDhEq4rZ1nniOFq9GWohQYB30uW/5Olg=="
		},
		"wrappy": {
			"version": "1.0.2",
			"resolved": "https://registry.npmjs.org/wrappy/-/wrappy-1.0.2.tgz",
			"integrity": "sha1-tSQ9jz7BqjXxNkYFvA0QNuMKtp8="
		},
		"xtend": {
			"version": "4.0.1",
			"resolved": "https://registry.npmjs.org/xtend/-/xtend-4.0.1.tgz",
			"integrity": "sha1-pcbVMr5lbiPbgg77lDofBJmNY68="
		},
		"yallist": {
			"version": "2.1.2",
			"resolved": "https://registry.npmjs.org/yallist/-/yallist-2.1.2.tgz",
			"integrity": "sha1-HBH5IY8HYImkfdUS+TxmmaaoHVI="
		}
	}
}
