# THIS IS AN AUTOGENERATED FILE. DO NOT EDIT THIS FILE DIRECTLY.
# yarn lockfile v1


address@1.0.2, address@^1.0.1:
  version "1.0.2"
  resolved "https://registry.yarnpkg.com/address/-/address-1.0.2.tgz#480081e82b587ba319459fef512f516fe03d58af"

anser@1.4.1:
  version "1.4.1"
  resolved "https://registry.yarnpkg.com/anser/-/anser-1.4.1.tgz#c3641863a962cebef941ea2c8706f2cb4f0716bd"

ansi-escapes@^2.0.0:
  version "2.0.0"
  resolved "https://registry.yarnpkg.com/ansi-escapes/-/ansi-escapes-2.0.0.tgz#5bae52be424878dd9783e8910e3fc2922e83c81b"

ansi-regex@^2.0.0:
  version "2.1.1"
  resolved "https://registry.yarnpkg.com/ansi-regex/-/ansi-regex-2.1.1.tgz#c3b33ab5ee360d86e0e628f0468ae7ef27d654df"

ansi-regex@^3.0.0:
  version "3.0.0"
  resolved "https://registry.yarnpkg.com/ansi-regex/-/ansi-regex-3.0.0.tgz#ed0317c322064f79466c02966bddb605ab37d998"

ansi-styles@^2.2.1:
  version "2.2.1"
  resolved "https://registry.yarnpkg.com/ansi-styles/-/ansi-styles-2.2.1.tgz#b432dd3358b634cf75e1e4664368240533c1ddbe"

array-filter@~0.0.0:
  version "0.0.1"
  resolved "https://registry.yarnpkg.com/array-filter/-/array-filter-0.0.1.tgz#7da8cf2e26628ed732803581fd21f67cacd2eeec"

array-map@~0.0.0:
  version "0.0.0"
  resolved "https://registry.yarnpkg.com/array-map/-/array-map-0.0.0.tgz#88a2bab73d1cf7bcd5c1b118a003f66f665fa662"

array-reduce@~0.0.0:
  version "0.0.0"
  resolved "https://registry.yarnpkg.com/array-reduce/-/array-reduce-0.0.0.tgz#173899d3ffd1c7d9383e4479525dbe278cab5f2b"

babel-code-frame@6.22.0, babel-code-frame@^6.22.0:
  version "6.22.0"
  resolved "https://registry.yarnpkg.com/babel-code-frame/-/babel-code-frame-6.22.0.tgz#027620bee567a88c32561574e7fd0801d33118e4"
  dependencies:
    chalk "^1.1.0"
    esutils "^2.0.2"
    js-tokens "^3.0.0"

babel-generator@^6.25.0:
  version "6.25.0"
  resolved "https://registry.yarnpkg.com/babel-generator/-/babel-generator-6.25.0.tgz#33a1af70d5f2890aeb465a4a7793c1df6a9ea9fc"
  dependencies:
    babel-messages "^6.23.0"
    babel-runtime "^6.22.0"
    babel-types "^6.25.0"
    detect-indent "^4.0.0"
    jsesc "^1.3.0"
    lodash "^4.2.0"
    source-map "^0.5.0"
    trim-right "^1.0.1"

babel-messages@^6.23.0:
  version "6.23.0"
  resolved "https://registry.yarnpkg.com/babel-messages/-/babel-messages-6.23.0.tgz#f3cdf4703858035b2a2951c6ec5edf6c62f2630e"
  dependencies:
    babel-runtime "^6.22.0"

babel-runtime@^6.22.0:
  version "6.23.0"
  resolved "https://registry.yarnpkg.com/babel-runtime/-/babel-runtime-6.23.0.tgz#0a9489f144de70efb3ce4300accdb329e2fc543b"
  dependencies:
    core-js "^2.4.0"
    regenerator-runtime "^0.10.0"

babel-template@^6.25.0:
  version "6.25.0"
  resolved "https://registry.yarnpkg.com/babel-template/-/babel-template-6.25.0.tgz#665241166b7c2aa4c619d71e192969552b10c071"
  dependencies:
    babel-runtime "^6.22.0"
    babel-traverse "^6.25.0"
    babel-types "^6.25.0"
    babylon "^6.17.2"
    lodash "^4.2.0"

babel-traverse@^6.25.0:
  version "6.25.0"
  resolved "https://registry.yarnpkg.com/babel-traverse/-/babel-traverse-6.25.0.tgz#2257497e2fcd19b89edc13c4c91381f9512496f1"
  dependencies:
    babel-code-frame "^6.22.0"
    babel-messages "^6.23.0"
    babel-runtime "^6.22.0"
    babel-types "^6.25.0"
    babylon "^6.17.2"
    debug "^2.2.0"
    globals "^9.0.0"
    invariant "^2.2.0"
    lodash "^4.2.0"

babel-types@^6.25.0:
  version "6.25.0"
  resolved "https://registry.yarnpkg.com/babel-types/-/babel-types-6.25.0.tgz#70afb248d5660e5d18f811d91c8303b54134a18e"
  dependencies:
    babel-runtime "^6.22.0"
    esutils "^2.0.2"
    lodash "^4.2.0"
    to-fast-properties "^1.0.1"

babylon@^6.17.2, babylon@^6.17.4:
  version "6.17.4"
  resolved "https://registry.yarnpkg.com/babylon/-/babylon-6.17.4.tgz#3e8b7402b88d22c3423e137a1577883b15ff869a"

balanced-match@^1.0.0:
  version "1.0.0"
  resolved "https://registry.yarnpkg.com/balanced-match/-/balanced-match-1.0.0.tgz#89b4d199ab2bee49de164ea02b89ce462d71b767"

brace-expansion@^1.0.0:
  version "1.1.8"
  resolved "https://registry.yarnpkg.com/brace-expansion/-/brace-expansion-1.1.8.tgz#c07b211c7c952ec1f8efd51a77ef0d1d3990a292"
  dependencies:
    balanced-match "^1.0.0"
    concat-map "0.0.1"

builtin-modules@^1.0.0:
  version "1.1.1"
  resolved "https://registry.yarnpkg.com/builtin-modules/-/builtin-modules-1.1.1.tgz#270f076c5a72c02f5b65a47df94c5fe3a278892f"

chalk@1.1.3, chalk@^1.0.0, chalk@^1.1.0:
  version "1.1.3"
  resolved "https://registry.yarnpkg.com/chalk/-/chalk-1.1.3.tgz#a8115c55e4a702fe4d150abd3872822a7e09fc98"
  dependencies:
    ansi-styles "^2.2.1"
    escape-string-regexp "^1.0.2"
    has-ansi "^2.0.0"
    strip-ansi "^3.0.0"
    supports-color "^2.0.0"

cli-cursor@^2.1.0:
  version "2.1.0"
  resolved "https://registry.yarnpkg.com/cli-cursor/-/cli-cursor-2.1.0.tgz#b35dac376479facc3e94747d41d0d0f5238ffcb5"
  dependencies:
    restore-cursor "^2.0.0"

cli-width@^2.0.0:
  version "2.1.0"
  resolved "https://registry.yarnpkg.com/cli-width/-/cli-width-2.1.0.tgz#b234ca209b29ef66fc518d9b98d5847b00edf00a"

concat-map@0.0.1:
  version "0.0.1"
  resolved "https://registry.yarnpkg.com/concat-map/-/concat-map-0.0.1.tgz#d8a96bd77fd68df7793a73036a3ba0d5405d477b"

core-js@^2.4.0:
  version "2.4.1"
  resolved "https://registry.yarnpkg.com/core-js/-/core-js-2.4.1.tgz#4de911e667b0eae9124e34254b53aea6fc618d3e"

cross-spawn@4.0.2:
  version "4.0.2"
  resolved "https://registry.yarnpkg.com/cross-spawn/-/cross-spawn-4.0.2.tgz#7b9247621c23adfdd3856004a823cbe397424d41"
  dependencies:
    lru-cache "^4.0.1"
    which "^1.2.9"

debug@^2.2.0, debug@^2.6.0, debug@^2.6.6:
  version "2.6.8"
  resolved "https://registry.yarnpkg.com/debug/-/debug-2.6.8.tgz#e731531ca2ede27d188222427da17821d68ff4fc"
  dependencies:
    ms "2.0.0"

detect-indent@^4.0.0:
  version "4.0.0"
  resolved "https://registry.yarnpkg.com/detect-indent/-/detect-indent-4.0.0.tgz#f76d064352cdf43a1cb6ce619c4ee3a9475de208"
  dependencies:
    repeating "^2.0.0"

detect-port-alt@1.1.3:
  version "1.1.3"
  resolved "https://registry.yarnpkg.com/detect-port-alt/-/detect-port-alt-1.1.3.tgz#a4d2f061d757a034ecf37c514260a98750f2b131"
  dependencies:
    address "^1.0.1"
    debug "^2.6.0"

duplexer@^0.1.1:
  version "0.1.1"
  resolved "https://registry.yarnpkg.com/duplexer/-/duplexer-0.1.1.tgz#ace6ff808c1ce66b57d1ebf97977acb02334cfc1"

error-ex@^1.2.0:
  version "1.3.1"
  resolved "https://registry.yarnpkg.com/error-ex/-/error-ex-1.3.1.tgz#f855a86ce61adc4e8621c3cda21e7a7612c3a8dc"
  dependencies:
    is-arrayish "^0.2.1"

escape-string-regexp@1.0.5, escape-string-regexp@^1.0.2, escape-string-regexp@^1.0.5:
  version "1.0.5"
  resolved "https://registry.yarnpkg.com/escape-string-regexp/-/escape-string-regexp-1.0.5.tgz#1b61c0562190a8dff6ae3bb2cf0200ca130b86d4"

esutils@^2.0.2:
  version "2.0.2"
  resolved "https://registry.yarnpkg.com/esutils/-/esutils-2.0.2.tgz#0abf4f1caa5bcb1f7a9d8acc6dea4faaa04bac9b"

eventsource@0.1.6:
  version "0.1.6"
  resolved "https://registry.yarnpkg.com/eventsource/-/eventsource-0.1.6.tgz#0acede849ed7dd1ccc32c811bb11b944d4f29232"
  dependencies:
    original ">=0.0.5"

external-editor@^2.0.4:
  version "2.0.4"
  resolved "https://registry.yarnpkg.com/external-editor/-/external-editor-2.0.4.tgz#1ed9199da9cbfe2ef2f7a31b2fde8b0d12368972"
  dependencies:
    iconv-lite "^0.4.17"
    jschardet "^1.4.2"
    tmp "^0.0.31"

faye-websocket@~0.11.0:
  version "0.11.1"
  resolved "https://registry.yarnpkg.com/faye-websocket/-/faye-websocket-0.11.1.tgz#f0efe18c4f56e4f40afc7e06c719fd5ee6188f38"
  dependencies:
    websocket-driver ">=0.5.1"

figures@^2.0.0:
  version "2.0.0"
  resolved "https://registry.yarnpkg.com/figures/-/figures-2.0.0.tgz#3ab1a2d2a62c8bfb431a0c94cb797a2fce27c962"
  dependencies:
    escape-string-regexp "^1.0.5"

filesize@3.3.0:
  version "3.3.0"
  resolved "https://registry.yarnpkg.com/filesize/-/filesize-3.3.0.tgz#53149ea3460e3b2e024962a51648aa572cf98122"

find-up@^2.0.0:
  version "2.1.0"
  resolved "https://registry.yarnpkg.com/find-up/-/find-up-2.1.0.tgz#45d1b7e506c717ddd482775a2b77920a3c0c57a7"
  dependencies:
    locate-path "^2.0.0"

globals@^9.0.0:
  version "9.18.0"
  resolved "https://registry.yarnpkg.com/globals/-/globals-9.18.0.tgz#aa3896b3e69b487f17e31ed2143d69a8e30c2d8a"

graceful-fs@^4.1.2:
  version "4.1.11"
  resolved "https://registry.yarnpkg.com/graceful-fs/-/graceful-fs-4.1.11.tgz#0e8bdfe4d1ddb8854d64e04ea7c00e2a026e5658"

gzip-size@3.0.0:
  version "3.0.0"
  resolved "https://registry.yarnpkg.com/gzip-size/-/gzip-size-3.0.0.tgz#546188e9bdc337f673772f81660464b389dce520"
  dependencies:
    duplexer "^0.1.1"

has-ansi@^2.0.0:
  version "2.0.0"
  resolved "https://registry.yarnpkg.com/has-ansi/-/has-ansi-2.0.0.tgz#34f5049ce1ecdf2b0649af3ef24e45ed35416d91"
  dependencies:
    ansi-regex "^2.0.0"

hosted-git-info@^2.1.4:
  version "2.5.0"
  resolved "https://registry.yarnpkg.com/hosted-git-info/-/hosted-git-info-2.5.0.tgz#6d60e34b3abbc8313062c3b798ef8d901a07af3c"

html-entities@1.2.1:
  version "1.2.1"
  resolved "https://registry.yarnpkg.com/html-entities/-/html-entities-1.2.1.tgz#0df29351f0721163515dfb9e5543e5f6eed5162f"

iconv-lite@^0.4.17:
  version "0.4.18"
  resolved "https://registry.yarnpkg.com/iconv-lite/-/iconv-lite-0.4.18.tgz#23d8656b16aae6742ac29732ea8f0336a4789cf2"

inherits@^2.0.1:
  version "2.0.3"
  resolved "https://registry.yarnpkg.com/inherits/-/inherits-2.0.3.tgz#633c2c83e3da42a502f52466022480f4208261de"

inquirer@3.1.1:
  version "3.1.1"
  resolved "https://registry.yarnpkg.com/inquirer/-/inquirer-3.1.1.tgz#87621c4fba4072f48a8dd71c9f9df6f100b2d534"
  dependencies:
    ansi-escapes "^2.0.0"
    chalk "^1.0.0"
    cli-cursor "^2.1.0"
    cli-width "^2.0.0"
    external-editor "^2.0.4"
    figures "^2.0.0"
    lodash "^4.3.0"
    mute-stream "0.0.7"
    run-async "^2.2.0"
    rx-lite "^4.0.8"
    rx-lite-aggregates "^4.0.8"
    string-width "^2.0.0"
    strip-ansi "^3.0.0"
    through "^2.3.6"

invariant@^2.2.0:
  version "2.2.2"
  resolved "https://registry.yarnpkg.com/invariant/-/invariant-2.2.2.tgz#9e1f56ac0acdb6bf303306f338be3b204ae60360"
  dependencies:
    loose-envify "^1.0.0"

is-arrayish@^0.2.1:
  version "0.2.1"
  resolved "https://registry.yarnpkg.com/is-arrayish/-/is-arrayish-0.2.1.tgz#77c99840527aa8ecb1a8ba697b80645a7a926a9d"

is-builtin-module@^1.0.0:
  version "1.0.0"
  resolved "https://registry.yarnpkg.com/is-builtin-module/-/is-builtin-module-1.0.0.tgz#540572d34f7ac3119f8f76c30cbc1b1e037affbe"
  dependencies:
    builtin-modules "^1.0.0"

is-finite@^1.0.0:
  version "1.0.2"
  resolved "https://registry.yarnpkg.com/is-finite/-/is-finite-1.0.2.tgz#cc6677695602be550ef11e8b4aa6305342b6d0aa"
  dependencies:
    number-is-nan "^1.0.0"

is-fullwidth-code-point@^2.0.0:
  version "2.0.0"
  resolved "https://registry.yarnpkg.com/is-fullwidth-code-point/-/is-fullwidth-code-point-2.0.0.tgz#a3b30a5c4f199183167aaab93beefae3ddfb654f"

is-promise@^2.1.0:
  version "2.1.0"
  resolved "https://registry.yarnpkg.com/is-promise/-/is-promise-2.1.0.tgz#79a2a9ece7f096e80f36d2b2f3bc16c1ff4bf3fa"

is-root@1.0.0:
  version "1.0.0"
  resolved "https://registry.yarnpkg.com/is-root/-/is-root-1.0.0.tgz#07b6c233bc394cd9d02ba15c966bd6660d6342d5"

is-wsl@^1.1.0:
  version "1.1.0"
  resolved "https://registry.yarnpkg.com/is-wsl/-/is-wsl-1.1.0.tgz#1f16e4aa22b04d1336b66188a66af3c600c3a66d"

isexe@^2.0.0:
  version "2.0.0"
  resolved "https://registry.yarnpkg.com/isexe/-/isexe-2.0.0.tgz#e8fbf374dc556ff8947a10dcb0572d633f2cfa10"

js-tokens@^3.0.0:
  version "3.0.2"
  resolved "https://registry.yarnpkg.com/js-tokens/-/js-tokens-3.0.2.tgz#9866df395102130e38f7f996bceb65443209c25b"

jschardet@^1.4.2:
  version "1.4.2"
  resolved "https://registry.yarnpkg.com/jschardet/-/jschardet-1.4.2.tgz#2aa107f142af4121d145659d44f50830961e699a"

jsesc@^1.3.0:
  version "1.3.0"
  resolved "https://registry.yarnpkg.com/jsesc/-/jsesc-1.3.0.tgz#46c3fec8c1892b12b0833db9bc7622176dbab34b"

json3@^3.3.2:
  version "3.3.2"
  resolved "https://registry.yarnpkg.com/json3/-/json3-3.3.2.tgz#3c0434743df93e2f5c42aee7b19bcb483575f4e1"

jsonify@~0.0.0:
  version "0.0.0"
  resolved "https://registry.yarnpkg.com/jsonify/-/jsonify-0.0.0.tgz#2c74b6ee41d93ca51b7b5aaee8f503631d252a73"

load-json-file@^2.0.0:
  version "2.0.0"
  resolved "https://registry.yarnpkg.com/load-json-file/-/load-json-file-2.0.0.tgz#7947e42149af80d696cbf797bcaabcfe1fe29ca8"
  dependencies:
    graceful-fs "^4.1.2"
    parse-json "^2.2.0"
    pify "^2.0.0"
    strip-bom "^3.0.0"

locate-path@^2.0.0:
  version "2.0.0"
  resolved "https://registry.yarnpkg.com/locate-path/-/locate-path-2.0.0.tgz#2b568b265eec944c6d9c0de9c3dbbbca0354cd8e"
  dependencies:
    p-locate "^2.0.0"
    path-exists "^3.0.0"

lodash@^4.2.0, lodash@^4.3.0:
  version "4.17.4"
  resolved "https://registry.yarnpkg.com/lodash/-/lodash-4.17.4.tgz#78203a4d1c328ae1d86dca6460e369b57f4055ae"

loose-envify@^1.0.0:
  version "1.3.1"
  resolved "https://registry.yarnpkg.com/loose-envify/-/loose-envify-1.3.1.tgz#d1a8ad33fa9ce0e713d65fdd0ac8b748d478c848"
  dependencies:
    js-tokens "^3.0.0"

lru-cache@^4.0.1:
  version "4.1.1"
  resolved "https://registry.yarnpkg.com/lru-cache/-/lru-cache-4.1.1.tgz#622e32e82488b49279114a4f9ecf45e7cd6bba55"
  dependencies:
    pseudomap "^1.0.2"
    yallist "^2.1.2"

mimic-fn@^1.0.0:
  version "1.1.0"
  resolved "https://registry.yarnpkg.com/mimic-fn/-/mimic-fn-1.1.0.tgz#e667783d92e89dbd342818b5230b9d62a672ad18"

minimatch@3.0.3:
  version "3.0.3"
  resolved "https://registry.yarnpkg.com/minimatch/-/minimatch-3.0.3.tgz#2a4e4090b96b2db06a9d7df01055a62a77c9b774"
  dependencies:
    brace-expansion "^1.0.0"

ms@2.0.0:
  version "2.0.0"
  resolved "https://registry.yarnpkg.com/ms/-/ms-2.0.0.tgz#5608aeadfc00be6c2901df5f9861788de0d597c8"

mute-stream@0.0.7:
  version "0.0.7"
  resolved "https://registry.yarnpkg.com/mute-stream/-/mute-stream-0.0.7.tgz#3075ce93bc21b8fab43e1bc4da7e8115ed1e7bab"

normalize-package-data@^2.3.2:
  version "2.4.0"
  resolved "https://registry.yarnpkg.com/normalize-package-data/-/normalize-package-data-2.4.0.tgz#12f95a307d58352075a04907b84ac8be98ac012f"
  dependencies:
    hosted-git-info "^2.1.4"
    is-builtin-module "^1.0.0"
    semver "2 || 3 || 4 || 5"
    validate-npm-package-license "^3.0.1"

number-is-nan@^1.0.0:
  version "1.0.1"
  resolved "https://registry.yarnpkg.com/number-is-nan/-/number-is-nan-1.0.1.tgz#097b602b53422a522c1afb8790318336941a011d"

onetime@^2.0.0:
  version "2.0.1"
  resolved "https://registry.yarnpkg.com/onetime/-/onetime-2.0.1.tgz#067428230fd67443b2794b22bba528b6867962d4"
  dependencies:
    mimic-fn "^1.0.0"

opn@5.1.0:
  version "5.1.0"
  resolved "https://registry.yarnpkg.com/opn/-/opn-5.1.0.tgz#72ce2306a17dbea58ff1041853352b4a8fc77519"
  dependencies:
    is-wsl "^1.1.0"

original@>=0.0.5:
  version "1.0.0"
  resolved "https://registry.yarnpkg.com/original/-/original-1.0.0.tgz#9147f93fa1696d04be61e01bd50baeaca656bd3b"
  dependencies:
    url-parse "1.0.x"

os-tmpdir@~1.0.1:
  version "1.0.2"
  resolved "https://registry.yarnpkg.com/os-tmpdir/-/os-tmpdir-1.0.2.tgz#bbe67406c79aa85c5cfec766fe5734555dfa1274"

p-limit@^1.1.0:
  version "1.1.0"
  resolved "https://registry.yarnpkg.com/p-limit/-/p-limit-1.1.0.tgz#b07ff2d9a5d88bec806035895a2bab66a27988bc"

p-locate@^2.0.0:
  version "2.0.0"
  resolved "https://registry.yarnpkg.com/p-locate/-/p-locate-2.0.0.tgz#20a0103b222a70c8fd39cc2e580680f3dde5ec43"
  dependencies:
    p-limit "^1.1.0"

parse-json@^2.2.0:
  version "2.2.0"
  resolved "https://registry.yarnpkg.com/parse-json/-/parse-json-2.2.0.tgz#f480f40434ef80741f8469099f8dea18f55a4dc9"
  dependencies:
    error-ex "^1.2.0"

path-exists@^3.0.0:
  version "3.0.0"
  resolved "https://registry.yarnpkg.com/path-exists/-/path-exists-3.0.0.tgz#ce0ebeaa5f78cb18925ea7d810d7b59b010fd515"

path-type@^2.0.0:
  version "2.0.0"
  resolved "https://registry.yarnpkg.com/path-type/-/path-type-2.0.0.tgz#f012ccb8415b7096fc2daa1054c3d72389594c73"
  dependencies:
    pify "^2.0.0"

pify@^2.0.0:
  version "2.3.0"
  resolved "https://registry.yarnpkg.com/pify/-/pify-2.3.0.tgz#ed141a6ac043a849ea588498e7dca8b15330e90c"

prettier@^1.5.2:
  version "1.5.2"
  resolved "https://registry.yarnpkg.com/prettier/-/prettier-1.5.2.tgz#7ea0751da27b93bfb6cecfcec509994f52d83bb3"

pseudomap@^1.0.2:
  version "1.0.2"
  resolved "https://registry.yarnpkg.com/pseudomap/-/pseudomap-1.0.2.tgz#f052a28da70e618917ef0a8ac34c1ae5a68286b3"

querystringify@0.0.x:
  version "0.0.4"
  resolved "https://registry.yarnpkg.com/querystringify/-/querystringify-0.0.4.tgz#0cf7f84f9463ff0ae51c4c4b142d95be37724d9c"

querystringify@~1.0.0:
  version "1.0.0"
  resolved "https://registry.yarnpkg.com/querystringify/-/querystringify-1.0.0.tgz#6286242112c5b712fa654e526652bf6a13ff05cb"

read-pkg-up@^2.0.0:
  version "2.0.0"
  resolved "https://registry.yarnpkg.com/read-pkg-up/-/read-pkg-up-2.0.0.tgz#6b72a8048984e0c41e79510fd5e9fa99b3b549be"
  dependencies:
    find-up "^2.0.0"
    read-pkg "^2.0.0"

read-pkg@^2.0.0:
  version "2.0.0"
  resolved "https://registry.yarnpkg.com/read-pkg/-/read-pkg-2.0.0.tgz#8ef1c0623c6a6db0dc6713c4bfac46332b2368f8"
  dependencies:
    load-json-file "^2.0.0"
    normalize-package-data "^2.3.2"
    path-type "^2.0.0"

recursive-readdir@2.2.1:
  version "2.2.1"
  resolved "https://registry.yarnpkg.com/recursive-readdir/-/recursive-readdir-2.2.1.tgz#90ef231d0778c5ce093c9a48d74e5c5422d13a99"
  dependencies:
    minimatch "3.0.3"

regenerator-runtime@^0.10.0:
  version "0.10.5"
  resolved "https://registry.yarnpkg.com/regenerator-runtime/-/regenerator-runtime-0.10.5.tgz#336c3efc1220adcedda2c9fab67b5a7955a33658"

repeating@^2.0.0:
  version "2.0.1"
  resolved "https://registry.yarnpkg.com/repeating/-/repeating-2.0.1.tgz#5214c53a926d3552707527fbab415dbc08d06dda"
  dependencies:
    is-finite "^1.0.0"

requires-port@1.0.x:
  version "1.0.0"
  resolved "https://registry.yarnpkg.com/requires-port/-/requires-port-1.0.0.tgz#925d2601d39ac485e091cf0da5c6e694dc3dcaff"

restore-cursor@^2.0.0:
  version "2.0.0"
  resolved "https://registry.yarnpkg.com/restore-cursor/-/restore-cursor-2.0.0.tgz#9f7ee287f82fd326d4fd162923d62129eee0dfaf"
  dependencies:
    onetime "^2.0.0"
    signal-exit "^3.0.2"

run-async@^2.2.0:
  version "2.3.0"
  resolved "https://registry.yarnpkg.com/run-async/-/run-async-2.3.0.tgz#0371ab4ae0bdd720d4166d7dfda64ff7a445a6c0"
  dependencies:
    is-promise "^2.1.0"

rx-lite-aggregates@^4.0.8:
  version "4.0.8"
  resolved "https://registry.yarnpkg.com/rx-lite-aggregates/-/rx-lite-aggregates-4.0.8.tgz#753b87a89a11c95467c4ac1626c4efc4e05c67be"
  dependencies:
    rx-lite "*"

rx-lite@*, rx-lite@^4.0.8:
  version "4.0.8"
  resolved "https://registry.yarnpkg.com/rx-lite/-/rx-lite-4.0.8.tgz#0b1e11af8bc44836f04a6407e92da42467b79444"

"semver@2 || 3 || 4 || 5", semver@^5.3.0:
  version "5.3.0"
  resolved "https://registry.yarnpkg.com/semver/-/semver-5.3.0.tgz#9b2ce5d3de02d17c6012ad326aa6b4d0cf54f94f"

shell-quote@1.6.1:
  version "1.6.1"
  resolved "https://registry.yarnpkg.com/shell-quote/-/shell-quote-1.6.1.tgz#f4781949cce402697127430ea3b3c5476f481767"
  dependencies:
    array-filter "~0.0.0"
    array-map "~0.0.0"
    array-reduce "~0.0.0"
    jsonify "~0.0.0"

signal-exit@^3.0.2:
  version "3.0.2"
  resolved "https://registry.yarnpkg.com/signal-exit/-/signal-exit-3.0.2.tgz#b5fdc08f1287ea1178628e415e25132b73646c6d"

sockjs-client@1.1.4:
  version "1.1.4"
  resolved "https://registry.yarnpkg.com/sockjs-client/-/sockjs-client-1.1.4.tgz#5babe386b775e4cf14e7520911452654016c8b12"
  dependencies:
    debug "^2.6.6"
    eventsource "0.1.6"
    faye-websocket "~0.11.0"
    inherits "^2.0.1"
    json3 "^3.3.2"
    url-parse "^1.1.8"

source-map@^0.5.0:
  version "0.5.6"
  resolved "https://registry.yarnpkg.com/source-map/-/source-map-0.5.6.tgz#75ce38f52bf0733c5a7f0c118d81334a2bb5f412"

spdx-correct@~1.0.0:
  version "1.0.2"
  resolved "https://registry.yarnpkg.com/spdx-correct/-/spdx-correct-1.0.2.tgz#4b3073d933ff51f3912f03ac5519498a4150db40"
  dependencies:
    spdx-license-ids "^1.0.2"

spdx-expression-parse@~1.0.0:
  version "1.0.4"
  resolved "https://registry.yarnpkg.com/spdx-expression-parse/-/spdx-expression-parse-1.0.4.tgz#9bdf2f20e1f40ed447fbe273266191fced51626c"

spdx-license-ids@^1.0.2:
  version "1.2.2"
  resolved "https://registry.yarnpkg.com/spdx-license-ids/-/spdx-license-ids-1.2.2.tgz#c9df7a3424594ade6bd11900d596696dc06bac57"

string-width@^2.0.0:
  version "2.1.0"
  resolved "https://registry.yarnpkg.com/string-width/-/string-width-2.1.0.tgz#030664561fc146c9423ec7d978fe2457437fe6d0"
  dependencies:
    is-fullwidth-code-point "^2.0.0"
    strip-ansi "^4.0.0"

strip-ansi@3.0.1, strip-ansi@^3.0.0:
  version "3.0.1"
  resolved "https://registry.yarnpkg.com/strip-ansi/-/strip-ansi-3.0.1.tgz#6a385fb8853d952d5ff05d0e8aaf94278dc63dcf"
  dependencies:
    ansi-regex "^2.0.0"

strip-ansi@^4.0.0:
  version "4.0.0"
  resolved "https://registry.yarnpkg.com/strip-ansi/-/strip-ansi-4.0.0.tgz#a8479022eb1ac368a871389b635262c505ee368f"
  dependencies:
    ansi-regex "^3.0.0"

strip-bom@^3.0.0:
  version "3.0.0"
  resolved "https://registry.yarnpkg.com/strip-bom/-/strip-bom-3.0.0.tgz#2334c18e9c759f7bdd56fdef7e9ae3d588e68ed3"

supports-color@^2.0.0:
  version "2.0.0"
  resolved "https://registry.yarnpkg.com/supports-color/-/supports-color-2.0.0.tgz#535d045ce6b6363fa40117084629995e9df324c7"

text-table@0.2.0:
  version "0.2.0"
  resolved "https://registry.yarnpkg.com/text-table/-/text-table-0.2.0.tgz#7f5ee823ae805207c00af2df4a84ec3fcfa570b4"

through@^2.3.6:
  version "2.3.8"
  resolved "https://registry.yarnpkg.com/through/-/through-2.3.8.tgz#0dd4c9ffaabc357960b1b724115d7e0e86a2e1f5"

tmp@^0.0.31:
  version "0.0.31"
  resolved "https://registry.yarnpkg.com/tmp/-/tmp-0.0.31.tgz#8f38ab9438e17315e5dbd8b3657e8bfb277ae4a7"
  dependencies:
    os-tmpdir "~1.0.1"

to-fast-properties@^1.0.1:
  version "1.0.3"
  resolved "https://registry.yarnpkg.com/to-fast-properties/-/to-fast-properties-1.0.3.tgz#b83571fa4d8c25b82e231b06e3a3055de4ca1a47"

trim-right@^1.0.1:
  version "1.0.1"
  resolved "https://registry.yarnpkg.com/trim-right/-/trim-right-1.0.1.tgz#cb2e1203067e0c8de1f614094b9fe45704ea6003"

url-parse@1.0.x:
  version "1.0.5"
  resolved "https://registry.yarnpkg.com/url-parse/-/url-parse-1.0.5.tgz#0854860422afdcfefeb6c965c662d4800169927b"
  dependencies:
    querystringify "0.0.x"
    requires-port "1.0.x"

url-parse@^1.1.8:
  version "1.1.9"
  resolved "https://registry.yarnpkg.com/url-parse/-/url-parse-1.1.9.tgz#c67f1d775d51f0a18911dd7b3ffad27bb9e5bd19"
  dependencies:
    querystringify "~1.0.0"
    requires-port "1.0.x"

validate-npm-package-license@^3.0.1:
  version "3.0.1"
  resolved "https://registry.yarnpkg.com/validate-npm-package-license/-/validate-npm-package-license-3.0.1.tgz#2804babe712ad3379459acfbe24746ab2c303fbc"
  dependencies:
    spdx-correct "~1.0.0"
    spdx-expression-parse "~1.0.0"

websocket-driver@>=0.5.1:
  version "0.6.5"
  resolved "https://registry.yarnpkg.com/websocket-driver/-/websocket-driver-0.6.5.tgz#5cb2556ceb85f4373c6d8238aa691c8454e13a36"
  dependencies:
    websocket-extensions ">=0.1.1"

websocket-extensions@>=0.1.1:
  version "0.1.1"
  resolved "https://registry.yarnpkg.com/websocket-extensions/-/websocket-extensions-0.1.1.tgz#76899499c184b6ef754377c2dbb0cd6cb55d29e7"

which@^1.2.9:
  version "1.2.14"
  resolved "https://registry.yarnpkg.com/which/-/which-1.2.14.tgz#9a87c4378f03e827cecaf1acdf56c736c01c14e5"
  dependencies:
    isexe "^2.0.0"

yallist@^2.1.2:
  version "2.1.2"
  resolved "https://registry.yarnpkg.com/yallist/-/yallist-2.1.2.tgz#1c11f9218f076089a47dd512f93c6699a6a81d52"
