# THIS IS AN AUTOGENERATED FILE. DO NOT EDIT THIS FILE DIRECTLY.
# yarn lockfile v1


ansi-regex@^2.0.0:
  version "2.1.1"
  resolved "https://registry.yarnpkg.com/ansi-regex/-/ansi-regex-2.1.1.tgz#c3b33ab5ee360d86e0e628f0468ae7ef27d654df"

ansi-styles@^2.2.1:
  version "2.2.1"
  resolved "https://registry.yarnpkg.com/ansi-styles/-/ansi-styles-2.2.1.tgz#b432dd3358b634cf75e1e4664368240533c1ddbe"

autoprefixer@^6.0.2:
  version "6.7.7"
  resolved "https://registry.yarnpkg.com/autoprefixer/-/autoprefixer-6.7.7.tgz#1dbd1c835658e35ce3f9984099db00585c782014"
  dependencies:
    browserslist "^1.7.6"
    caniuse-db "^1.0.30000634"
    normalize-range "^0.1.2"
    num2fraction "^1.2.2"
    postcss "^5.2.16"
    postcss-value-parser "^3.2.3"

balanced-match@0.1.0:
  version "0.1.0"
  resolved "https://registry.yarnpkg.com/balanced-match/-/balanced-match-0.1.0.tgz#b504bd05869b39259dd0c5efc35d843176dccc4a"

balanced-match@^0.2.0:
  version "0.2.1"
  resolved "https://registry.yarnpkg.com/balanced-match/-/balanced-match-0.2.1.tgz#7bc658b4bed61eee424ad74f75f5c3e2c4df3cc7"

balanced-match@^0.4.1, balanced-match@^0.4.2:
  version "0.4.2"
  resolved "https://registry.yarnpkg.com/balanced-match/-/balanced-match-0.4.2.tgz#cb3f3e3c732dc0f01ee70b403f302e61d7709838"

browserslist@^1.0.0, browserslist@^1.3.6, browserslist@^1.7.6:
  version "1.7.7"
  resolved "https://registry.yarnpkg.com/browserslist/-/browserslist-1.7.7.tgz#0bd76704258be829b2398bb50e4b62d1a166b0b9"
  dependencies:
    caniuse-db "^1.0.30000639"
    electron-to-chromium "^1.2.7"

caniuse-api@^1.5.3:
  version "1.6.1"
  resolved "https://registry.yarnpkg.com/caniuse-api/-/caniuse-api-1.6.1.tgz#b534e7c734c4f81ec5fbe8aca2ad24354b962c6c"
  dependencies:
    browserslist "^1.3.6"
    caniuse-db "^1.0.30000529"
    lodash.memoize "^4.1.2"
    lodash.uniq "^4.5.0"

caniuse-db@^1.0.30000529, caniuse-db@^1.0.30000634, caniuse-db@^1.0.30000639:
  version "1.0.30000667"
  resolved "https://registry.yarnpkg.com/caniuse-db/-/caniuse-db-1.0.30000667.tgz#fb6060dbf349c101df26f421442419802fc6dab1"

chalk@^1.1.1, chalk@^1.1.3:
  version "1.1.3"
  resolved "https://registry.yarnpkg.com/chalk/-/chalk-1.1.3.tgz#a8115c55e4a702fe4d150abd3872822a7e09fc98"
  dependencies:
    ansi-styles "^2.2.1"
    escape-string-regexp "^1.0.2"
    has-ansi "^2.0.0"
    strip-ansi "^3.0.0"
    supports-color "^2.0.0"

clone@^1.0.2:
  version "1.0.2"
  resolved "https://registry.yarnpkg.com/clone/-/clone-1.0.2.tgz#260b7a99ebb1edfe247538175f783243cb19d149"

color-convert@^0.5.3:
  version "0.5.3"
  resolved "https://registry.yarnpkg.com/color-convert/-/color-convert-0.5.3.tgz#bdb6c69ce660fadffe0b0007cc447e1b9f7282bd"

color-convert@^1.3.0:
  version "1.9.0"
  resolved "https://registry.yarnpkg.com/color-convert/-/color-convert-1.9.0.tgz#1accf97dd739b983bf994d56fec8f95853641b7a"
  dependencies:
    color-name "^1.1.1"

color-name@^1.0.0, color-name@^1.1.1:
  version "1.1.2"
  resolved "https://registry.yarnpkg.com/color-name/-/color-name-1.1.2.tgz#5c8ab72b64bd2215d617ae9559ebb148475cf98d"

color-string@^0.3.0:
  version "0.3.0"
  resolved "https://registry.yarnpkg.com/color-string/-/color-string-0.3.0.tgz#27d46fb67025c5c2fa25993bfbf579e47841b991"
  dependencies:
    color-name "^1.0.0"

color@^0.10.1:
  version "0.10.1"
  resolved "https://registry.yarnpkg.com/color/-/color-0.10.1.tgz#c04188df82a209ddebccecdacd3ec320f193739f"
  dependencies:
    color-convert "^0.5.3"
    color-string "^0.3.0"

color@^0.11.0, color@^0.11.3, color@^0.11.4:
  version "0.11.4"
  resolved "https://registry.yarnpkg.com/color/-/color-0.11.4.tgz#6d7b5c74fb65e841cd48792ad1ed5e07b904d764"
  dependencies:
    clone "^1.0.2"
    color-convert "^1.3.0"
    color-string "^0.3.0"

css-color-function@^1.2.0:
  version "1.3.0"
  resolved "https://registry.yarnpkg.com/css-color-function/-/css-color-function-1.3.0.tgz#72c767baf978f01b8a8a94f42f17ba5d22a776fc"
  dependencies:
    balanced-match "0.1.0"
    color "^0.11.0"
    debug "~0.7.4"
    rgb "~0.1.0"

debug@~0.7.4:
  version "0.7.4"
  resolved "https://registry.yarnpkg.com/debug/-/debug-0.7.4.tgz#06e1ea8082c2cb14e39806e22e2f6f757f92af39"

electron-to-chromium@^1.2.7:
  version "1.3.10"
  resolved "https://registry.yarnpkg.com/electron-to-chromium/-/electron-to-chromium-1.3.10.tgz#63d62b785471f0d8dda85199d64579de8a449f08"

escape-string-regexp@^1.0.2:
  version "1.0.5"
  resolved "https://registry.yarnpkg.com/escape-string-regexp/-/escape-string-regexp-1.0.5.tgz#1b61c0562190a8dff6ae3bb2cf0200ca130b86d4"

flatten@^1.0.2:
  version "1.0.2"
  resolved "https://registry.yarnpkg.com/flatten/-/flatten-1.0.2.tgz#dae46a9d78fbe25292258cc1e780a41d95c03782"

has-ansi@^2.0.0:
  version "2.0.0"
  resolved "https://registry.yarnpkg.com/has-ansi/-/has-ansi-2.0.0.tgz#34f5049ce1ecdf2b0649af3ef24e45ed35416d91"
  dependencies:
    ansi-regex "^2.0.0"

has-flag@^1.0.0:
  version "1.0.0"
  resolved "https://registry.yarnpkg.com/has-flag/-/has-flag-1.0.0.tgz#9d9e793165ce017a00f00418c43f942a7b1d11fa"

indexes-of@^1.0.1:
  version "1.0.1"
  resolved "https://registry.yarnpkg.com/indexes-of/-/indexes-of-1.0.1.tgz#f30f716c8e2bd346c7b67d3df3915566a7c05607"

isnumeric@^0.2.0:
  version "0.2.0"
  resolved "https://registry.yarnpkg.com/isnumeric/-/isnumeric-0.2.0.tgz#a2347ba360de19e33d0ffd590fddf7755cbf2e64"

js-base64@^2.1.9:
  version "2.1.9"
  resolved "https://registry.yarnpkg.com/js-base64/-/js-base64-2.1.9.tgz#f0e80ae039a4bd654b5f281fc93f04a914a7fcce"

lodash._reinterpolate@~3.0.0:
  version "3.0.0"
  resolved "https://registry.yarnpkg.com/lodash._reinterpolate/-/lodash._reinterpolate-3.0.0.tgz#0ccf2d89166af03b3663c796538b75ac6e114d9d"

lodash.memoize@^4.1.2:
  version "4.1.2"
  resolved "https://registry.yarnpkg.com/lodash.memoize/-/lodash.memoize-4.1.2.tgz#bcc6c49a42a2840ed997f323eada5ecd182e0bfe"

lodash.template@^4.2.4:
  version "4.4.0"
  resolved "https://registry.yarnpkg.com/lodash.template/-/lodash.template-4.4.0.tgz#e73a0385c8355591746e020b99679c690e68fba0"
  dependencies:
    lodash._reinterpolate "~3.0.0"
    lodash.templatesettings "^4.0.0"

lodash.templatesettings@^4.0.0:
  version "4.1.0"
  resolved "https://registry.yarnpkg.com/lodash.templatesettings/-/lodash.templatesettings-4.1.0.tgz#2b4d4e95ba440d915ff08bc899e4553666713316"
  dependencies:
    lodash._reinterpolate "~3.0.0"

lodash.uniq@^4.5.0:
  version "4.5.0"
  resolved "https://registry.yarnpkg.com/lodash.uniq/-/lodash.uniq-4.5.0.tgz#d0225373aeb652adc1bc82e4945339a842754773"

lodash@^4.17.4:
  version "4.17.4"
  resolved "https://registry.yarnpkg.com/lodash/-/lodash-4.17.4.tgz#78203a4d1c328ae1d86dca6460e369b57f4055ae"

math-expression-evaluator@^1.2.14:
  version "1.2.17"
  resolved "https://registry.yarnpkg.com/math-expression-evaluator/-/math-expression-evaluator-1.2.17.tgz#de819fdbcd84dccd8fae59c6aeb79615b9d266ac"

normalize-range@^0.1.2:
  version "0.1.2"
  resolved "https://registry.yarnpkg.com/normalize-range/-/normalize-range-0.1.2.tgz#2d10c06bdfd312ea9777695a4d28439456b75942"

num2fraction@^1.2.2:
  version "1.2.2"
  resolved "https://registry.yarnpkg.com/num2fraction/-/num2fraction-1.2.2.tgz#6f682b6a027a4e9ddfa4564cd2589d1d4e669ede"

onecolor@~2.4.0:
  version "2.4.2"
  resolved "https://registry.yarnpkg.com/onecolor/-/onecolor-2.4.2.tgz#a53ec3ff171c3446016dd5210d1a1b544bf7d874"

pixrem@^3.0.0:
  version "3.0.2"
  resolved "https://registry.yarnpkg.com/pixrem/-/pixrem-3.0.2.tgz#30d1bafb4c3bdce8e9bb4bd56a13985619320c34"
  dependencies:
    browserslist "^1.0.0"
    postcss "^5.0.0"
    reduce-css-calc "^1.2.7"

pleeease-filters@^3.0.0:
  version "3.0.1"
  resolved "https://registry.yarnpkg.com/pleeease-filters/-/pleeease-filters-3.0.1.tgz#4dfe0e8f1046613517c64b728bc80608a7ebf22f"
  dependencies:
    onecolor "~2.4.0"
    postcss "^5.0.4"

postcss-apply@^0.3.0:
  version "0.3.0"
  resolved "https://registry.yarnpkg.com/postcss-apply/-/postcss-apply-0.3.0.tgz#a2f37c5bdfa881e4c15f4f245ec0cd96dd2e70d5"
  dependencies:
    balanced-match "^0.4.1"
    postcss "^5.0.21"

postcss-attribute-case-insensitive@^1.0.1:
  version "1.0.1"
  resolved "https://registry.yarnpkg.com/postcss-attribute-case-insensitive/-/postcss-attribute-case-insensitive-1.0.1.tgz#ceb73777e106167eb233f1938c9bd9f2e697308d"
  dependencies:
    postcss "^5.1.1"
    postcss-selector-parser "^2.2.0"

postcss-calc@^5.0.0:
  version "5.3.1"
  resolved "https://registry.yarnpkg.com/postcss-calc/-/postcss-calc-5.3.1.tgz#77bae7ca928ad85716e2fda42f261bf7c1d65b5e"
  dependencies:
    postcss "^5.0.2"
    postcss-message-helpers "^2.0.0"
    reduce-css-calc "^1.2.6"

postcss-color-function@^2.0.0:
  version "2.0.1"
  resolved "https://registry.yarnpkg.com/postcss-color-function/-/postcss-color-function-2.0.1.tgz#9ad226f550e8a7c7f8b8a77860545b6dd7f55241"
  dependencies:
    css-color-function "^1.2.0"
    postcss "^5.0.4"
    postcss-message-helpers "^2.0.0"
    postcss-value-parser "^3.3.0"

postcss-color-gray@^3.0.0:
  version "3.0.1"
  resolved "https://registry.yarnpkg.com/postcss-color-gray/-/postcss-color-gray-3.0.1.tgz#74432ede66dd83b1d1363565c68b376e18ff6770"
  dependencies:
    color "^0.11.3"
    postcss "^5.0.4"
    postcss-message-helpers "^2.0.0"
    reduce-function-call "^1.0.1"

postcss-color-hex-alpha@^2.0.0:
  version "2.0.0"
  resolved "https://registry.yarnpkg.com/postcss-color-hex-alpha/-/postcss-color-hex-alpha-2.0.0.tgz#44fd6ecade66028648c881cb6504cdcbfdc6cd09"
  dependencies:
    color "^0.10.1"
    postcss "^5.0.4"
    postcss-message-helpers "^2.0.0"

postcss-color-hsl@^1.0.5:
  version "1.0.5"
  resolved "https://registry.yarnpkg.com/postcss-color-hsl/-/postcss-color-hsl-1.0.5.tgz#f53bb1c348310ce307ad89e3181a864738b5e687"
  dependencies:
    postcss "^5.2.0"
    postcss-value-parser "^3.3.0"
    units-css "^0.4.0"

postcss-color-hwb@^2.0.0:
  version "2.0.1"
  resolved "https://registry.yarnpkg.com/postcss-color-hwb/-/postcss-color-hwb-2.0.1.tgz#d63afaf9b70cb595f900a29c9fe57bf2a32fabec"
  dependencies:
    color "^0.11.4"
    postcss "^5.0.4"
    postcss-message-helpers "^2.0.0"
    reduce-function-call "^1.0.1"

postcss-color-rebeccapurple@^2.0.0:
  version "2.0.1"
  resolved "https://registry.yarnpkg.com/postcss-color-rebeccapurple/-/postcss-color-rebeccapurple-2.0.1.tgz#74c6444e7cbb7d85613b5f7286df7a491608451c"
  dependencies:
    color "^0.11.4"
    postcss "^5.0.4"

postcss-color-rgb@^1.1.4:
  version "1.1.4"
  resolved "https://registry.yarnpkg.com/postcss-color-rgb/-/postcss-color-rgb-1.1.4.tgz#f29243e22e8e8c13434474092372d4ce605be8bc"
  dependencies:
    postcss "^5.2.0"
    postcss-value-parser "^3.3.0"

postcss-color-rgba-fallback@^2.0.0:
  version "2.2.0"
  resolved "https://registry.yarnpkg.com/postcss-color-rgba-fallback/-/postcss-color-rgba-fallback-2.2.0.tgz#6d29491be5990a93173d47e7c76f5810b09402ba"
  dependencies:
    postcss "^5.0.0"
    postcss-value-parser "^3.0.2"
    rgb-hex "^1.0.0"

postcss-cssnext@^2.10.0:
  version "2.10.0"
  resolved "https://registry.yarnpkg.com/postcss-cssnext/-/postcss-cssnext-2.10.0.tgz#30e0dddcfb978eae2523a340aa2c8ba49c5d7103"
  dependencies:
    autoprefixer "^6.0.2"
    caniuse-api "^1.5.3"
    chalk "^1.1.1"
    pixrem "^3.0.0"
    pleeease-filters "^3.0.0"
    postcss "^5.0.4"
    postcss-apply "^0.3.0"
    postcss-attribute-case-insensitive "^1.0.1"
    postcss-calc "^5.0.0"
    postcss-color-function "^2.0.0"
    postcss-color-gray "^3.0.0"
    postcss-color-hex-alpha "^2.0.0"
    postcss-color-hsl "^1.0.5"
    postcss-color-hwb "^2.0.0"
    postcss-color-rebeccapurple "^2.0.0"
    postcss-color-rgb "^1.1.4"
    postcss-color-rgba-fallback "^2.0.0"
    postcss-custom-media "^5.0.0"
    postcss-custom-properties "^5.0.0"
    postcss-custom-selectors "^3.0.0"
    postcss-font-family-system-ui "^1.0.1"
    postcss-font-variant "^2.0.0"
    postcss-initial "^1.3.1"
    postcss-media-minmax "^2.1.0"
    postcss-nesting "^2.0.5"
    postcss-pseudo-class-any-link "^1.0.0"
    postcss-pseudoelements "^3.0.0"
    postcss-replace-overflow-wrap "^1.0.0"
    postcss-selector-matches "^2.0.0"
    postcss-selector-not "^2.0.0"

postcss-custom-media@^5.0.0:
  version "5.0.1"
  resolved "https://registry.yarnpkg.com/postcss-custom-media/-/postcss-custom-media-5.0.1.tgz#138d25a184bf2eb54de12d55a6c01c30a9d8bd81"
  dependencies:
    postcss "^5.0.0"

postcss-custom-properties@^5.0.0:
  version "5.0.2"
  resolved "https://registry.yarnpkg.com/postcss-custom-properties/-/postcss-custom-properties-5.0.2.tgz#9719d78f2da9cf9f53810aebc23d4656130aceb1"
  dependencies:
    balanced-match "^0.4.2"
    postcss "^5.0.0"

postcss-custom-selectors@^3.0.0:
  version "3.0.0"
  resolved "https://registry.yarnpkg.com/postcss-custom-selectors/-/postcss-custom-selectors-3.0.0.tgz#8f81249f5ed07a8d0917cf6a39fe5b056b7f96ac"
  dependencies:
    balanced-match "^0.2.0"
    postcss "^5.0.0"
    postcss-selector-matches "^2.0.0"

postcss-font-family-system-ui@^1.0.1:
  version "1.0.2"
  resolved "https://registry.yarnpkg.com/postcss-font-family-system-ui/-/postcss-font-family-system-ui-1.0.2.tgz#3e1a5e3fb7e31e5e9e71439ccb0e8014556927c7"
  dependencies:
    lodash "^4.17.4"
    postcss "^5.2.12"
    postcss-value-parser "^3.3.0"

postcss-font-variant@^2.0.0:
  version "2.0.1"
  resolved "https://registry.yarnpkg.com/postcss-font-variant/-/postcss-font-variant-2.0.1.tgz#7ca29103f59fa02ca3ace2ca22b2f756853d4ef8"
  dependencies:
    postcss "^5.0.4"

postcss-initial@^1.3.1:
  version "1.5.3"
  resolved "https://registry.yarnpkg.com/postcss-initial/-/postcss-initial-1.5.3.tgz#20c3e91c96822ddb1bed49508db96d56bac377d0"
  dependencies:
    lodash.template "^4.2.4"
    postcss "^5.0.19"

postcss-media-minmax@^2.1.0:
  version "2.1.2"
  resolved "https://registry.yarnpkg.com/postcss-media-minmax/-/postcss-media-minmax-2.1.2.tgz#444c5cf8926ab5e4fd8a2509e9297e751649cdf8"
  dependencies:
    postcss "^5.0.4"

postcss-message-helpers@^2.0.0:
  version "2.0.0"
  resolved "https://registry.yarnpkg.com/postcss-message-helpers/-/postcss-message-helpers-2.0.0.tgz#a4f2f4fab6e4fe002f0aed000478cdf52f9ba60e"

postcss-nesting@^2.0.5:
  version "2.3.1"
  resolved "https://registry.yarnpkg.com/postcss-nesting/-/postcss-nesting-2.3.1.tgz#94a6b6a4ef707fbec20a87fee5c957759b4e01cf"
  dependencies:
    postcss "^5.0.19"

postcss-pseudo-class-any-link@^1.0.0:
  version "1.0.0"
  resolved "https://registry.yarnpkg.com/postcss-pseudo-class-any-link/-/postcss-pseudo-class-any-link-1.0.0.tgz#903239196401d335fe73ac756186fa62e693af26"
  dependencies:
    postcss "^5.0.3"
    postcss-selector-parser "^1.1.4"

postcss-pseudoelements@^3.0.0:
  version "3.0.0"
  resolved "https://registry.yarnpkg.com/postcss-pseudoelements/-/postcss-pseudoelements-3.0.0.tgz#6c682177c7900ba053b6df17f8c590284c7b8bbc"
  dependencies:
    postcss "^5.0.4"

postcss-replace-overflow-wrap@^1.0.0:
  version "1.0.0"
  resolved "https://registry.yarnpkg.com/postcss-replace-overflow-wrap/-/postcss-replace-overflow-wrap-1.0.0.tgz#f0a03b31eab9636a6936bfd210e2aef1b434a643"
  dependencies:
    postcss "^5.0.16"

postcss-selector-matches@^2.0.0:
  version "2.0.5"
  resolved "https://registry.yarnpkg.com/postcss-selector-matches/-/postcss-selector-matches-2.0.5.tgz#fa0f43be57b68e77aa4cd11807023492a131027f"
  dependencies:
    balanced-match "^0.4.2"
    postcss "^5.0.0"

postcss-selector-not@^2.0.0:
  version "2.0.0"
  resolved "https://registry.yarnpkg.com/postcss-selector-not/-/postcss-selector-not-2.0.0.tgz#c73ad21a3f75234bee7fee269e154fd6a869798d"
  dependencies:
    balanced-match "^0.2.0"
    postcss "^5.0.0"

postcss-selector-parser@^1.1.4:
  version "1.3.3"
  resolved "https://registry.yarnpkg.com/postcss-selector-parser/-/postcss-selector-parser-1.3.3.tgz#d2ee19df7a64f8ef21c1a71c86f7d4835c88c281"
  dependencies:
    flatten "^1.0.2"
    indexes-of "^1.0.1"
    uniq "^1.0.1"

postcss-selector-parser@^2.2.0:
  version "2.2.3"
  resolved "https://registry.yarnpkg.com/postcss-selector-parser/-/postcss-selector-parser-2.2.3.tgz#f9437788606c3c9acee16ffe8d8b16297f27bb90"
  dependencies:
    flatten "^1.0.2"
    indexes-of "^1.0.1"
    uniq "^1.0.1"

postcss-value-parser@^3.0.2, postcss-value-parser@^3.2.3, postcss-value-parser@^3.3.0:
  version "3.3.0"
  resolved "https://registry.yarnpkg.com/postcss-value-parser/-/postcss-value-parser-3.3.0.tgz#87f38f9f18f774a4ab4c8a232f5c5ce8872a9d15"

postcss@^5.0.0, postcss@^5.0.16, postcss@^5.0.19, postcss@^5.0.2, postcss@^5.0.21, postcss@^5.0.3, postcss@^5.0.4, postcss@^5.1.1, postcss@^5.2.0, postcss@^5.2.12, postcss@^5.2.16:
  version "5.2.17"
  resolved "https://registry.yarnpkg.com/postcss/-/postcss-5.2.17.tgz#cf4f597b864d65c8a492b2eabe9d706c879c388b"
  dependencies:
    chalk "^1.1.3"
    js-base64 "^2.1.9"
    source-map "^0.5.6"
    supports-color "^3.2.3"

reduce-css-calc@^1.2.6, reduce-css-calc@^1.2.7:
  version "1.3.0"
  resolved "https://registry.yarnpkg.com/reduce-css-calc/-/reduce-css-calc-1.3.0.tgz#747c914e049614a4c9cfbba629871ad1d2927716"
  dependencies:
    balanced-match "^0.4.2"
    math-expression-evaluator "^1.2.14"
    reduce-function-call "^1.0.1"

reduce-function-call@^1.0.1:
  version "1.0.2"
  resolved "https://registry.yarnpkg.com/reduce-function-call/-/reduce-function-call-1.0.2.tgz#5a200bf92e0e37751752fe45b0ab330fd4b6be99"
  dependencies:
    balanced-match "^0.4.2"

rgb-hex@^1.0.0:
  version "1.0.0"
  resolved "https://registry.yarnpkg.com/rgb-hex/-/rgb-hex-1.0.0.tgz#bfaf8cd9cd9164b5a26d71eb4f15a0965324b3c1"

rgb@~0.1.0:
  version "0.1.0"
  resolved "https://registry.yarnpkg.com/rgb/-/rgb-0.1.0.tgz#be27b291e8feffeac1bd99729721bfa40fc037b5"

source-map@^0.5.6:
  version "0.5.6"
  resolved "https://registry.yarnpkg.com/source-map/-/source-map-0.5.6.tgz#75ce38f52bf0733c5a7f0c118d81334a2bb5f412"

strip-ansi@^3.0.0:
  version "3.0.1"
  resolved "https://registry.yarnpkg.com/strip-ansi/-/strip-ansi-3.0.1.tgz#6a385fb8853d952d5ff05d0e8aaf94278dc63dcf"
  dependencies:
    ansi-regex "^2.0.0"

supports-color@^2.0.0:
  version "2.0.0"
  resolved "https://registry.yarnpkg.com/supports-color/-/supports-color-2.0.0.tgz#535d045ce6b6363fa40117084629995e9df324c7"

supports-color@^3.2.3:
  version "3.2.3"
  resolved "https://registry.yarnpkg.com/supports-color/-/supports-color-3.2.3.tgz#65ac0504b3954171d8a64946b2ae3cbb8a5f54f6"
  dependencies:
    has-flag "^1.0.0"

uniq@^1.0.1:
  version "1.0.1"
  resolved "https://registry.yarnpkg.com/uniq/-/uniq-1.0.1.tgz#b31c5ae8254844a3a8281541ce2b04b865a734ff"

units-css@^0.4.0:
  version "0.4.0"
  resolved "https://registry.yarnpkg.com/units-css/-/units-css-0.4.0.tgz#d6228653a51983d7c16ff28f8b9dc3b1ffed3a07"
  dependencies:
    isnumeric "^0.2.0"
    viewport-dimensions "^0.2.0"

viewport-dimensions@^0.2.0:
  version "0.2.0"
  resolved "https://registry.yarnpkg.com/viewport-dimensions/-/viewport-dimensions-0.2.0.tgz#de740747db5387fd1725f5175e91bac76afdf36c"
